# Generated by pub
# See https://dart.dev/tools/pub/glossary#lockfile
packages:
  _flutterfire_internals:
    dependency: transitive
    description:
      name: _flutterfire_internals
      url: "https://pub.dartlang.org"
    source: hosted
    version: "1.0.2"
  analytics:
    dependency: transitive
    description:
      path: "../../analytics"
      relative: true
    source: path
    version: "0.0.1"
  app_functions:
    dependency: "direct main"
    description:
      path: "../../app_functions"
      relative: true
    source: path
    version: "0.0.1"
  args:
    dependency: transitive
    description:
      name: args
      sha256: "3d82ff8620ec576fd38f6cec0df45a7c088b8704eb1c63d4c336392e5efca6ca"
      url: "https://pub.dev"
    source: hosted
    version: "2.3.1"
  asn1lib:
    dependency: transitive
    description:
      name: asn1lib
      sha256: "58455d2724bc6e0889fc410debe3cc31ca6bd808a47c194de726ce295dce199f"
      url: "https://pub.dev"
    source: hosted
    version: "1.4.0"
  async:
    dependency: transitive
    description:
      name: async
      sha256: bfe67ef28df125b7dddcea62755991f807aa39a2492a23e1550161692950bbe0
      url: "https://pub.dev"
    source: hosted
    version: "2.10.0"
  authentification_base:
    dependency: "direct main"
    description:
      path: "../authentification_base"
      relative: true
    source: path
    version: "0.0.1"
  bloc_base:
    dependency: "direct main"
    description:
      path: "../../bloc_base"
      relative: true
    source: path
    version: "0.0.0"
  boolean_selector:
    dependency: transitive
    description:
      name: boolean_selector
      sha256: "6cfb5af12253eaf2b368f07bacc5a80d1301a071c73360d746b7f2e32d762c66"
      url: "https://pub.dev"
    source: hosted
    version: "2.1.1"
  characters:
    dependency: transitive
    description:
      name: characters
      sha256: e6a326c8af69605aec75ed6c187d06b349707a27fbff8222ca9cc2cff167975c
      url: "https://pub.dev"
    source: hosted
    version: "1.2.1"
  charcode:
    dependency: transitive
    description:
      name: charcode
      sha256: fb98c0f6d12c920a02ee2d998da788bca066ca5f148492b7085ee23372b12306
      url: "https://pub.dev"
    source: hosted
    version: "1.3.1"
  clock:
    dependency: transitive
    description:
      name: clock
      sha256: cb6d7f03e1de671e34607e909a7213e31d7752be4fb66a86d29fe1eb14bfb5cf
      url: "https://pub.dev"
    source: hosted
    version: "1.1.1"
  cloud_firestore:
    dependency: "direct main"
    description:
      name: cloud_firestore
      sha256: bc0cf6eacff3dd08e5661cba07db7597628bf9bf1685732e4c406f8c67f9c02d
      url: "https://pub.dev"
    source: hosted
    version: "3.5.1"
  cloud_firestore_platform_interface:
    dependency: transitive
    description:
      name: cloud_firestore_platform_interface
      sha256: "963cf029bbd019014753d351bffc9f3e4e844691c5abe46fe89e5806acde10b1"
      url: "https://pub.dev"
    source: hosted
    version: "5.7.7"
  cloud_firestore_web:
    dependency: transitive
    description:
      name: cloud_firestore_web
      sha256: "3b484a682e9d68360541dab328868c4bf68e68a1d0576f590e0724d92fe2f90f"
      url: "https://pub.dev"
    source: hosted
    version: "2.8.10"
  cloud_functions:
    dependency: transitive
    description:
      name: cloud_functions
      sha256: "830a3057e46a0fdef4f8cef80ec28a2aab9c1007220cc44775491ef08e388431"
      url: "https://pub.dev"
    source: hosted
    version: "3.3.9"
  cloud_functions_platform_interface:
    dependency: transitive
    description:
      name: cloud_functions_platform_interface
      sha256: "85838122321e5b235b8dae5ff2912211936b991f1f3e1982ed0c0b56bcd447c2"
      url: "https://pub.dev"
    source: hosted
    version: "5.1.19"
  cloud_functions_web:
    dependency: transitive
    description:
      name: cloud_functions_web
      sha256: bb4647d33ec9ab024859cf8b03a79500b239008bc1265143569b8580e2794684
      url: "https://pub.dev"
    source: hosted
    version: "4.3.7"
  collection:
    dependency: transitive
    description:
      name: collection
      sha256: cfc915e6923fe5ce6e153b0723c753045de46de1b4d63771530504004a45fae0
      url: "https://pub.dev"
    source: hosted
    version: "1.17.0"
  convert:
    dependency: transitive
    description:
      name: convert
      sha256: f08428ad63615f96a27e34221c65e1a451439b5f26030f78d790f461c686d65d
      url: "https://pub.dev"
    source: hosted
    version: "3.1.0"
  crash_analytics:
    dependency: "direct main"
    description:
      path: "../../crash_analytics"
      relative: true
    source: path
    version: "0.0.1"
  crypto:
    dependency: transitive
    description:
      name: crypto
      sha256: cf75650c66c0316274e21d7c43d3dea246273af5955bd94e8184837cd577575c
      url: "https://pub.dev"
    source: hosted
    version: "3.0.2"
  date:
    dependency: transitive
    description:
      path: "../../date"
      relative: true
    source: path
    version: "1.0.0"
  device_info_plus:
    dependency: transitive
    description:
      name: device_info_plus
      sha256: b809c4ed5f7fcdb325ccc70b80ad934677dc4e2aa414bf46859a42bfdfafcbb6
      url: "https://pub.dev"
    source: hosted
    version: "4.1.3"
  device_info_plus_linux:
    dependency: transitive
    description:
      name: device_info_plus_linux
      sha256: "77a8b3c4af06bc46507f89304d9f49dfc64b4ae004b994532ed23b34adeae4b3"
      url: "https://pub.dev"
    source: hosted
    version: "3.0.0"
  device_info_plus_macos:
    dependency: transitive
    description:
      name: device_info_plus_macos
      sha256: "37961762fbd46d3620c7b69ca606671014db55fc1b7a11e696fd90ed2e8fe03d"
      url: "https://pub.dev"
    source: hosted
    version: "3.0.0"
  device_info_plus_platform_interface:
    dependency: transitive
    description:
      name: device_info_plus_platform_interface
      sha256: "83fdba24fcf6846d3b10f10dfdc8b6c6d7ada5f8ed21d62ea2909c2dfa043773"
      url: "https://pub.dev"
    source: hosted
    version: "3.0.0"
  device_info_plus_web:
    dependency: transitive
    description:
      name: device_info_plus_web
      sha256: "5890f6094df108181c7a29720bc23d0fd6159f17d82787fac093d1fefcaf6325"
      url: "https://pub.dev"
    source: hosted
    version: "3.0.0"
  device_info_plus_windows:
    dependency: transitive
    description:
      name: device_info_plus_windows
      sha256: "23a2874af0e23ee6e3a2a0ebcecec3a9da13241f2cb93a93a44c8764df123dd7"
      url: "https://pub.dev"
    source: hosted
    version: "4.1.0"
  encrypt:
    dependency: transitive
    description:
      name: encrypt
      sha256: e0389e80d523df05de1494e2e70e204e2ebafeaaf387bd726622e4cd89636eb8
      url: "https://pub.dev"
    source: hosted
    version: "5.0.0"
  fake_async:
    dependency: transitive
    description:
      name: fake_async
      sha256: "511392330127add0b769b75a987850d136345d9227c6b94c96a04cf4a391bf78"
      url: "https://pub.dev"
    source: hosted
    version: "1.3.1"
  fast_rsa:
    dependency: "direct main"
    description:
      name: fast_rsa
      sha256: af31af1a782e2d6025c868a418071112062e80fa84e41c44a95b5f26d00b87b7
      url: "https://pub.dev"
    source: hosted
    version: "3.5.3"
  ffi:
    dependency: transitive
    description:
      name: ffi
      sha256: a38574032c5f1dd06c4aee541789906c12ccaab8ba01446e800d9c5b79c4a978
      url: "https://pub.dev"
    source: hosted
    version: "2.0.1"
  file:
    dependency: transitive
    description:
      name: file
      sha256: b69516f2c26a5bcac4eee2e32512e1a5205ab312b3536c1c1227b2b942b5f9ad
      url: "https://pub.dev"
    source: hosted
    version: "6.1.4"
  firebase:
    dependency: transitive
    description:
      name: firebase
      sha256: "935f6035eae3d7220c58ebd08c2abaea95d405109805a70f688d0d3119fa4291"
      url: "https://pub.dev"
    source: hosted
    version: "9.0.3"
  firebase_analytics:
    dependency: transitive
    description:
      name: firebase_analytics
      sha256: ef5d7859249fbf7e7a5255e78dd37e6db9d76e96f9814f74b264d041d35cbe74
      url: "https://pub.dev"
    source: hosted
    version: "8.3.4"
  firebase_analytics_platform_interface:
    dependency: transitive
    description:
      name: firebase_analytics_platform_interface
      sha256: e67e8c3cbd2ceed02a90e2c7a413620a272f8755d81a04137ca071d74aed5bdb
      url: "https://pub.dev"
    source: hosted
    version: "2.0.1"
  firebase_analytics_web:
    dependency: transitive
    description:
      name: firebase_analytics_web
      sha256: e368687277f8d44639f8b4b8d1877610834dfc0dbc9b3f4a58c0054d9f2900a8
      url: "https://pub.dev"
    source: hosted
    version: "0.3.0+1"
  firebase_auth:
    dependency: "direct main"
    description:
      name: firebase_auth
      sha256: "22407a8c78b0f879d4c6b0d244f56952f26352a574a8c42262293275835533fd"
      url: "https://pub.dev"
    source: hosted
    version: "3.4.2"
  firebase_auth_oauth:
    dependency: transitive
    description:
      name: firebase_auth_oauth
      sha256: "266016dc2223337ed752f204aa9f1d29e35225cf5ab4fcdc1143dbf9d210ec58"
      url: "https://pub.dev"
    source: hosted
    version: "1.2.0"
  firebase_auth_oauth_platform_interface:
    dependency: transitive
    description:
      name: firebase_auth_oauth_platform_interface
      sha256: "89624a6cb6f3dcda44164ff1165a1b15652017cb20d8a7008ae6cfb519de9210"
      url: "https://pub.dev"
    source: hosted
    version: "1.0.2"
  firebase_auth_oauth_web:
    dependency: transitive
    description:
      name: firebase_auth_oauth_web
      sha256: c5c6b14d285f0e103984a17b47926a934a57bd6650e0ee36b2aae5edaba492a1
      url: "https://pub.dev"
    source: hosted
    version: "1.1.0"
  firebase_auth_platform_interface:
    dependency: transitive
    description:
      name: firebase_auth_platform_interface
      sha256: "707612dbe6e6f7d96dd2dc75d61f0f31b5536e8c5cbdc45639f3f5ca79d1b781"
      url: "https://pub.dev"
    source: hosted
    version: "6.3.2"
  firebase_auth_web:
    dependency: transitive
    description:
      name: firebase_auth_web
      sha256: f3ce926b2f862f0a3de5607e45520ab8a3a967bba6a2f8b7de73192aee92c618
      url: "https://pub.dev"
    source: hosted
    version: "4.0.0"
  firebase_core:
    dependency: transitive
    description:
      name: firebase_core
      sha256: e23ac786a62f08742bf969230d98658f88a35312c838e19ddc1febf3e6efeb09
      url: "https://pub.dev"
    source: hosted
    version: "1.24.0"
  firebase_core_platform_interface:
    dependency: transitive
    description:
      name: firebase_core_platform_interface
      sha256: "4292dfccb04e63edd7c3d311f3903016ad3ef243bf053f984fa87c8eeacc9f1a"
      url: "https://pub.dev"
    source: hosted
    version: "4.5.2"
  firebase_core_web:
    dependency: transitive
    description:
      name: firebase_core_web
      sha256: "68d3430e3f1db2c547d984d9f9fe52bf0967d2cd25a637efc91a93f5914272c2"
      url: "https://pub.dev"
    source: hosted
    version: "1.7.3"
  firebase_crashlytics:
    dependency: transitive
    description:
      name: firebase_crashlytics
      sha256: "314758002c6aa0cb1456aa1de0ed350fc3421053a32328ad84a624844da7b2ce"
      url: "https://pub.dev"
    source: hosted
    version: "2.9.0"
  firebase_crashlytics_platform_interface:
    dependency: transitive
    description:
      name: firebase_crashlytics_platform_interface
      sha256: ded63239b5d908cd2ad6066197f41ed56187702bfad3ee721ed8b75d4970456f
      url: "https://pub.dev"
    source: hosted
    version: "3.3.0"
  flat_buffers:
    dependency: transitive
    description:
      name: flat_buffers
      sha256: "23e2ced0d8e8ecdffbd9f267f49a668c74438393b9acaeac1c724123e3764263"
      url: "https://pub.dev"
    source: hosted
    version: "2.0.5"
  flutter:
    dependency: "direct main"
    description: flutter
    source: sdk
    version: "0.0.0"
  flutter_test:
    dependency: "direct dev"
    description: flutter
    source: sdk
    version: "0.0.0"
  flutter_web_plugins:
    dependency: transitive
    description: flutter
    source: sdk
    version: "0.0.0"
  google_sign_in:
    dependency: transitive
    description:
      name: google_sign_in
      sha256: "41109a9635a452989c749ce072cd73e7023cc3efe923a1476996d7b3af0d6eb4"
      url: "https://pub.dev"
    source: hosted
    version: "5.4.2"
  google_sign_in_android:
    dependency: transitive
    description:
      name: google_sign_in_android
      url: "https://pub.dartlang.org"
    source: hosted
    version: "6.1.4"
  google_sign_in_dartio:
    dependency: transitive
    description:
      path: google_sign_in_dart
      ref: null_safety
      resolved-ref: "14c106855590ab3dc8300b30ccd9e697d8571365"
      url: "https://github.com/GroovinChip/firebase_dart_sdk.git"
    source: git
    version: "0.0.9"
  google_sign_in_ios:
    dependency: transitive
    description:
      name: google_sign_in_ios
      url: "https://pub.dartlang.org"
    source: hosted
    version: "5.5.1"
  google_sign_in_platform_interface:
    dependency: transitive
    description:
      name: google_sign_in_platform_interface
      sha256: "6bc904a6ff8e25aa67c995112ee913363ba3cd6655be2c80a5eab556cda2f919"
      url: "https://pub.dev"
    source: hosted
    version: "2.3.0"
  google_sign_in_web:
    dependency: transitive
    description:
      name: google_sign_in_web
      sha256: "2a0d45a415cb6e24d6b73ca4935a8ec407b1010c360200a30475f2d8a96150c4"
      url: "https://pub.dev"
    source: hosted
    version: "0.10.2"
  html_unescape:
    dependency: transitive
    description:
      name: html_unescape
      sha256: "15362d7a18f19d7b742ef8dcb811f5fd2a2df98db9f80ea393c075189e0b61e3"
      url: "https://pub.dev"
    source: hosted
    version: "2.0.0"
  http:
    dependency: transitive
    description:
      name: http
      sha256: b6f1f143a71e1fe1b34670f1acd6f13960ade2557c96b87e127e0cf661969791
      url: "https://pub.dev"
    source: hosted
    version: "0.13.5"
  http_parser:
    dependency: transitive
    description:
      name: http_parser
      sha256: e362d639ba3bc07d5a71faebb98cde68c05bfbcfbbb444b60b6f60bb67719185
      url: "https://pub.dev"
    source: hosted
    version: "4.0.2"
  intl:
    dependency: transitive
    description:
      name: intl
      sha256: "910f85bce16fb5c6f614e117efa303e85a1731bb0081edf3604a2ae6e9a3cc91"
      url: "https://pub.dev"
    source: hosted
    version: "0.17.0"
  js:
    dependency: transitive
    description:
      name: js
      sha256: "5528c2f391ededb7775ec1daa69e65a2d61276f7552de2b5f7b8d34ee9fd4ab7"
      url: "https://pub.dev"
    source: hosted
    version: "0.6.5"
  logging:
    dependency: transitive
    description:
      name: logging
      sha256: "0520a4826042a8a5d09ddd4755623a50d37ee536d79a70452aff8c8ad7bb6c27"
      url: "https://pub.dev"
    source: hosted
    version: "1.1.0"
  matcher:
    dependency: transitive
    description:
      name: matcher
      sha256: "16db949ceee371e9b99d22f88fa3a73c4e59fd0afed0bd25fc336eb76c198b72"
      url: "https://pub.dev"
    source: hosted
    version: "0.12.13"
  material_color_utilities:
    dependency: transitive
    description:
      name: material_color_utilities
      sha256: d92141dc6fe1dad30722f9aa826c7fbc896d021d792f80678280601aff8cf724
      url: "https://pub.dev"
    source: hosted
    version: "0.2.0"
  meta:
    dependency: transitive
    description:
      name: meta
      sha256: "6c268b42ed578a53088d834796959e4a1814b5e9e164f147f580a386e5decf42"
      url: "https://pub.dev"
    source: hosted
    version: "1.8.0"
  path:
    dependency: transitive
    description:
      name: path
      sha256: db9d4f58c908a4ba5953fcee2ae317c94889433e5024c27ce74a37f94267945b
      url: "https://pub.dev"
    source: hosted
    version: "1.8.2"
  path_provider_linux:
    dependency: transitive
    description:
      name: path_provider_linux
      sha256: "938d2b6591587bcb009d2109a6ea464fd8fb2a75dc6423171b0d0afb1d27c708"
      url: "https://pub.dev"
    source: hosted
    version: "2.1.7"
  path_provider_platform_interface:
    dependency: transitive
    description:
      name: path_provider_platform_interface
      sha256: c2af5a8a6369992d915f8933dfc23172071001359d17896e83db8be57db8a397
      url: "https://pub.dev"
    source: hosted
    version: "2.0.5"
  path_provider_windows:
    dependency: transitive
    description:
      name: path_provider_windows
      sha256: bcabbe399d4042b8ee687e17548d5d3f527255253b4a639f5f8d2094a9c2b45c
      url: "https://pub.dev"
    source: hosted
    version: "2.1.3"
  pedantic:
    dependency: transitive
    description:
      name: pedantic
      sha256: "67fc27ed9639506c856c840ccce7594d0bdcd91bc8d53d6e52359449a1d50602"
      url: "https://pub.dev"
    source: hosted
    version: "1.11.1"
  platform:
    dependency: transitive
    description:
      name: platform
      sha256: ebc79f16b5f6b609aad4a5e63447d4795d16f7adee46e93ed03200848c006735
      url: "https://pub.dev"
    source: hosted
    version: "3.1.0"
  plugin_platform_interface:
    dependency: transitive
    description:
      name: plugin_platform_interface
      sha256: "5aadc2af7cd403ad0b95ef654c3e628517f4cae9682b4229a66caf9df71844d2"
      url: "https://pub.dev"
    source: hosted
    version: "2.1.3"
  pointycastle:
    dependency: transitive
    description:
      name: pointycastle
      sha256: ed0cc2e91e0996a6582e87e73fb13cf8e858346d725049740afe8ca9125ebbf4
      url: "https://pub.dev"
    source: hosted
    version: "3.2.0-rc0"
  process:
    dependency: transitive
    description:
      name: process
      sha256: dc3c073b5bc0db4e0f3dbc6b69f8e9cf2f336dafb3db996242ebdacf94c295dd
      url: "https://pub.dev"
    source: hosted
    version: "4.2.4"
  quiver:
    dependency: transitive
    description:
      name: quiver
      sha256: "5e592c348a6c528fb8deb7cc7d85a7097ce65bf2349121ad004d1fc5d5905eaa"
      url: "https://pub.dev"
    source: hosted
    version: "3.1.0"
  rsa_pkcs:
    dependency: transitive
    description:
      name: rsa_pkcs
      sha256: "64da191b7bb2884aa509e83ef88721cd2715ed853d3a90d2380cf66038fd5e43"
      url: "https://pub.dev"
    source: hosted
    version: "2.0.1"
  rxdart:
    dependency: "direct main"
    description:
      name: rxdart
      sha256: "5d22055fd443806c03ef24a02000637cf51eae49c2a0168d38a43fc166b0209c"
      url: "https://pub.dev"
    source: hosted
    version: "0.27.5"
  shared_preferences:
    dependency: transitive
    description:
      name: shared_preferences
      sha256: "5c34bd1fd5ddfca85766659b1b82342d8b047ceb3ecf34f6dd439640a41ccff6"
      url: "https://pub.dev"
    source: hosted
    version: "2.0.15"
  shared_preferences_android:
    dependency: transitive
    description:
      name: shared_preferences_android
      url: "https://pub.dartlang.org"
    source: hosted
    version: "2.0.14"
  shared_preferences_ios:
    dependency: transitive
    description:
      name: shared_preferences_ios
      url: "https://pub.dartlang.org"
    source: hosted
    version: "2.1.1"
  shared_preferences_linux:
    dependency: transitive
    description:
      name: shared_preferences_linux
      sha256: "33fc7c6ced70d226645a9612132fbff9890805df4edd34f30840e7e738866fee"
      url: "https://pub.dev"
    source: hosted
    version: "2.1.1"
  shared_preferences_macos:
    dependency: transitive
    description:
      name: shared_preferences_macos
      sha256: "5d2bad07b196b6ad4cf21af6f7197a87264ef569199502b9352f76e5054f06ae"
      url: "https://pub.dev"
    source: hosted
    version: "2.0.4"
  shared_preferences_platform_interface:
    dependency: transitive
    description:
      name: shared_preferences_platform_interface
      sha256: "992f0fdc46d0a3c0ac2e5859f2de0e577bbe51f78a77ee8f357cbe626a2ad32d"
      url: "https://pub.dev"
    source: hosted
    version: "2.1.0"
  shared_preferences_web:
    dependency: transitive
    description:
      name: shared_preferences_web
      sha256: "09b72ec530a1b1f26cdbec6b138f980d97d4d86ebb86dbf6365369fbd4bb05c8"
      url: "https://pub.dev"
    source: hosted
    version: "2.0.4"
  shared_preferences_windows:
    dependency: transitive
    description:
      name: shared_preferences_windows
      sha256: "76c54a0148780d779a3fe332ece9ba8ad2c9dd0bc717ee7fce58bd06b5e8118f"
      url: "https://pub.dev"
    source: hosted
    version: "2.1.1"
  sharezone_common:
    dependency: "direct main"
    description:
      path: "../../sharezone_common"
      relative: true
    source: path
    version: "0.0.1"
  sharezone_utils:
    dependency: "direct main"
    description:
      path: "../../sharezone_utils"
      relative: true
    source: path
    version: "0.0.1"
  sign_in_with_apple:
    dependency: transitive
    description:
      name: sign_in_with_apple
      sha256: "54791280a9b4c233c3a85027c936690f77e2406fd0ffd6e1e0ac92338448d6b5"
      url: "https://pub.dev"
    source: hosted
    version: "3.3.0"
  sign_in_with_apple_platform_interface:
    dependency: transitive
    description:
      name: sign_in_with_apple_platform_interface
      sha256: a5883edee09ed6be19de19e7d9f618a617fe41a6fa03f76d082dfb787e9ea18d
      url: "https://pub.dev"
    source: hosted
    version: "1.0.0"
  sign_in_with_apple_web:
    dependency: transitive
    description:
      name: sign_in_with_apple_web
      sha256: "44b66528f576e77847c14999d5e881e17e7223b7b0625a185417829e5306f47a"
      url: "https://pub.dev"
    source: hosted
    version: "1.0.1"
  sky_engine:
    dependency: transitive
    description: flutter
    source: sdk
    version: "0.0.99"
  source_span:
    dependency: transitive
    description:
      name: source_span
      sha256: dd904f795d4b4f3b870833847c461801f6750a9fa8e61ea5ac53f9422b31f250
      url: "https://pub.dev"
    source: hosted
    version: "1.9.1"
  stack_trace:
    dependency: transitive
    description:
      name: stack_trace
      sha256: c3c7d8edb15bee7f0f74debd4b9c5f3c2ea86766fe4178eb2a18eb30a0bdaed5
      url: "https://pub.dev"
    source: hosted
    version: "1.11.0"
  stream_channel:
    dependency: transitive
    description:
      name: stream_channel
      sha256: "83615bee9045c1d322bbbd1ba209b7a749c2cbcdcb3fdd1df8eb488b3279c1c8"
      url: "https://pub.dev"
    source: hosted
    version: "2.1.1"
  streaming_shared_preferences:
    dependency: transitive
    description:
      name: streaming_shared_preferences
      sha256: "015a7999d8cf6e87a685635e0614910116ee187c885ae0f630da276f8435e457"
      url: "https://pub.dev"
    source: hosted
    version: "2.0.0"
  string_scanner:
    dependency: transitive
    description:
      name: string_scanner
      sha256: "556692adab6cfa87322a115640c11f13cb77b3f076ddcc5d6ae3c20242bedcde"
      url: "https://pub.dev"
    source: hosted
    version: "1.2.0"
  term_glyph:
    dependency: transitive
    description:
      name: term_glyph
      sha256: a29248a84fbb7c79282b40b8c72a1209db169a2e0542bce341da992fe1bc7e84
      url: "https://pub.dev"
    source: hosted
    version: "1.2.1"
  test_api:
    dependency: transitive
    description:
      name: test_api
      sha256: ad540f65f92caa91bf21dfc8ffb8c589d6e4dc0c2267818b4cc2792857706206
      url: "https://pub.dev"
    source: hosted
    version: "0.4.16"
  time:
    dependency: transitive
    description:
      path: "../../time"
      relative: true
    source: path
    version: "1.0.0"
  typed_data:
    dependency: transitive
    description:
      name: typed_data
      sha256: "53bdf7e979cfbf3e28987552fd72f637e63f3c8724c9e56d9246942dc2fa36ee"
      url: "https://pub.dev"
    source: hosted
    version: "1.3.0"
  url_launcher:
    dependency: transitive
    description:
      name: url_launcher
      sha256: "50b12f1e0ce40ff031c88bb0661bfcdb31c4923bd5c405b5e0dfec65226be179"
      url: "https://pub.dev"
    source: hosted
    version: "6.1.7"
  url_launcher_android:
    dependency: transitive
    description:
      name: url_launcher_android
      url: "https://pub.dartlang.org"
    source: hosted
    version: "6.0.22"
  url_launcher_ios:
    dependency: transitive
    description:
      name: url_launcher_ios
      url: "https://pub.dartlang.org"
    source: hosted
    version: "6.0.17"
  url_launcher_linux:
    dependency: transitive
    description:
      name: url_launcher_linux
      sha256: "86f3f393cde6bed2a05bfc7f05e52aeaf4f9911a3ad9ff78a42e89e57e5a264a"
      url: "https://pub.dev"
    source: hosted
    version: "3.0.1"
  url_launcher_macos:
    dependency: transitive
    description:
      name: url_launcher_macos
      sha256: f72b523da791d519aed53c12fd99c7dc50fdd1e4913da904081f3666d06334b5
      url: "https://pub.dev"
    source: hosted
    version: "2.0.3"
  url_launcher_platform_interface:
    dependency: transitive
    description:
      name: url_launcher_platform_interface
      sha256: a4acd1aed57444bd4693768559a891cbb3168dbf0b992d0d5b5b5619ab371aed
      url: "https://pub.dev"
    source: hosted
    version: "2.1.1"
  url_launcher_web:
    dependency: transitive
    description:
      name: url_launcher_web
      sha256: c664a85a7b765ea11bbaa6b44b528b449f02765b48881158054b4f09e2192754
      url: "https://pub.dev"
    source: hosted
    version: "2.0.13"
  url_launcher_windows:
    dependency: transitive
    description:
      name: url_launcher_windows
      sha256: f98b970a12236957881fa28df0c6700f03d9dc5f471cf5ca6d205b77e7ad92d2
      url: "https://pub.dev"
    source: hosted
    version: "3.0.1"
  user:
    dependency: transitive
    description:
      path: "../../user"
      relative: true
    source: path
    version: "0.0.1"
  util:
    dependency: "direct main"
    description:
      path: "../../util"
      relative: true
    source: path
    version: "0.0.1"
  vector_math:
    dependency: transitive
    description:
      name: vector_math
      sha256: "80b3257d1492ce4d091729e3a67a60407d227c27241d6927be0130c98e741803"
      url: "https://pub.dev"
    source: hosted
    version: "2.1.4"
  win32:
    dependency: transitive
    description:
      name: win32
      sha256: c9ebe7ee4ab0c2194e65d3a07d8c54c5d00bb001b76081c4a04cdb8448b59e46
      url: "https://pub.dev"
    source: hosted
    version: "3.1.3"
  xdg_directories:
    dependency: transitive
    description:
      name: xdg_directories
      sha256: "0186b3f2d66be9a12b0295bddcf8b6f8c0b0cc2f85c6287344e2a6366bc28457"
      url: "https://pub.dev"
    source: hosted
    version: "0.2.0+2"
sdks:
  dart: ">=2.18.0 <3.0.0"
  flutter: ">=3.0.0"
