PODS:
  - AppAuth (1.6.2):
    - AppAuth/Core (= 1.6.2)
    - AppAuth/ExternalUserAgent (= 1.6.2)
  - AppAuth/Core (1.6.2)
  - AppAuth/ExternalUserAgent (1.6.2):
    - AppAuth/Core
  - cloud_firestore (4.13.6):
    - Firebase/CoreOnly (~> 10.18.0)
    - Firebase/Firestore (~> 10.18.0)
    - firebase_core
    - FlutterMacOS
    - nanopb (< 2.30910.0, >= 2.30908.0)
  - cloud_functions (4.5.8):
    - Firebase/CoreOnly (~> 10.18.0)
    - Firebase/Functions (~> 10.18.0)
    - firebase_core
    - FlutterMacOS
  - device_info_plus (0.0.1):
    - FlutterMacOS
  - fast_rsa (0.6.0):
    - FlutterMacOS
  - file_selector_macos (0.0.1):
    - FlutterMacOS
  - Firebase/Analytics (10.18.0):
    - Firebase/Core
  - Firebase/Auth (10.18.0):
    - Firebase/CoreOnly
    - FirebaseAuth (~> 10.18.0)
  - Firebase/Core (10.18.0):
    - Firebase/CoreOnly
    - FirebaseAnalytics (~> 10.18.0)
  - Firebase/CoreOnly (10.18.0):
    - FirebaseCore (= 10.18.0)
  - Firebase/Crashlytics (10.18.0):
    - Firebase/CoreOnly
    - FirebaseCrashlytics (~> 10.18.0)
  - Firebase/Firestore (10.18.0):
    - Firebase/CoreOnly
    - FirebaseFirestore (~> 10.18.0)
  - Firebase/Functions (10.18.0):
    - Firebase/CoreOnly
    - FirebaseFunctions (~> 10.18.0)
  - Firebase/Messaging (10.18.0):
    - Firebase/CoreOnly
    - FirebaseMessaging (~> 10.18.0)
  - Firebase/RemoteConfig (10.18.0):
    - Firebase/CoreOnly
    - FirebaseRemoteConfig (~> 10.18.0)
  - Firebase/Storage (10.18.0):
    - Firebase/CoreOnly
    - FirebaseStorage (~> 10.18.0)
  - firebase_analytics (10.7.4):
    - Firebase/Analytics (= 10.18.0)
    - firebase_core
    - FlutterMacOS
  - firebase_auth (4.15.3):
    - Firebase/Auth (~> 10.18.0)
    - Firebase/CoreOnly (~> 10.18.0)
    - firebase_core
    - FlutterMacOS
  - firebase_core (2.24.2):
    - Firebase/CoreOnly (~> 10.18.0)
    - FlutterMacOS
  - firebase_crashlytics (3.4.8):
    - Firebase/CoreOnly (~> 10.18.0)
    - Firebase/Crashlytics (~> 10.18.0)
    - firebase_core
    - FlutterMacOS
  - firebase_messaging (14.7.9):
    - Firebase/CoreOnly (~> 10.18.0)
    - Firebase/Messaging (~> 10.18.0)
    - firebase_core
    - FlutterMacOS
  - firebase_remote_config (4.3.8):
    - Firebase/CoreOnly (~> 10.18.0)
    - Firebase/RemoteConfig (~> 10.18.0)
    - firebase_core
    - FlutterMacOS
  - firebase_storage (11.5.6):
    - Firebase/CoreOnly (~> 10.18.0)
    - Firebase/Storage (~> 10.18.0)
    - firebase_core
    - FlutterMacOS
  - FirebaseABTesting (10.19.0):
    - FirebaseCore (~> 10.0)
  - FirebaseAnalytics (10.18.0):
    - FirebaseAnalytics/AdIdSupport (= 10.18.0)
    - FirebaseCore (~> 10.0)
    - FirebaseInstallations (~> 10.0)
    - GoogleUtilities/AppDelegateSwizzler (~> 7.11)
    - GoogleUtilities/MethodSwizzler (~> 7.11)
    - GoogleUtilities/Network (~> 7.11)
    - "GoogleUtilities/NSData+zlib (~> 7.11)"
    - nanopb (< 2.30910.0, >= 2.30908.0)
  - FirebaseAnalytics/AdIdSupport (10.18.0):
    - FirebaseCore (~> 10.0)
    - FirebaseInstallations (~> 10.0)
    - GoogleAppMeasurement (= 10.18.0)
    - GoogleUtilities/AppDelegateSwizzler (~> 7.11)
    - GoogleUtilities/MethodSwizzler (~> 7.11)
    - GoogleUtilities/Network (~> 7.11)
    - "GoogleUtilities/NSData+zlib (~> 7.11)"
    - nanopb (< 2.30910.0, >= 2.30908.0)
  - FirebaseAppCheckInterop (10.19.0)
  - FirebaseAuth (10.18.0):
    - FirebaseAppCheckInterop (~> 10.17)
    - FirebaseCore (~> 10.0)
    - GoogleUtilities/AppDelegateSwizzler (~> 7.8)
    - GoogleUtilities/Environment (~> 7.8)
    - GTMSessionFetcher/Core (< 4.0, >= 2.1)
    - RecaptchaInterop (~> 100.0)
  - FirebaseAuthInterop (10.19.0)
  - FirebaseCore (10.18.0):
    - FirebaseCoreInternal (~> 10.0)
    - GoogleUtilities/Environment (~> 7.12)
    - GoogleUtilities/Logger (~> 7.12)
  - FirebaseCoreExtension (10.19.0):
    - FirebaseCore (~> 10.0)
  - FirebaseCoreInternal (10.19.0):
    - "GoogleUtilities/NSData+zlib (~> 7.8)"
  - FirebaseCrashlytics (10.18.0):
    - FirebaseCore (~> 10.5)
    - FirebaseInstallations (~> 10.0)
    - FirebaseSessions (~> 10.5)
    - GoogleDataTransport (~> 9.2)
    - GoogleUtilities/Environment (~> 7.8)
    - nanopb (< 2.30910.0, >= 2.30908.0)
    - PromisesObjC (~> 2.1)
  - FirebaseFirestore (10.18.0):
    - FirebaseFirestore/AutodetectLeveldb (= 10.18.0)
  - FirebaseFirestore/AutodetectLeveldb (10.18.0):
    - FirebaseFirestore/Base
    - FirebaseFirestore/WithLeveldb
  - FirebaseFirestore/Base (10.18.0)
  - FirebaseFirestore/WithLeveldb (10.18.0):
    - FirebaseFirestore/Base
  - FirebaseFunctions (10.18.0):
    - FirebaseAppCheckInterop (~> 10.10)
    - FirebaseAuthInterop (~> 10.0)
    - FirebaseCore (~> 10.0)
    - FirebaseCoreExtension (~> 10.0)
    - FirebaseMessagingInterop (~> 10.0)
    - FirebaseSharedSwift (~> 10.0)
    - GTMSessionFetcher/Core (< 4.0, >= 2.1)
  - FirebaseInstallations (10.19.0):
    - FirebaseCore (~> 10.0)
    - GoogleUtilities/Environment (~> 7.8)
    - GoogleUtilities/UserDefaults (~> 7.8)
    - PromisesObjC (~> 2.1)
  - FirebaseMessaging (10.18.0):
    - FirebaseCore (~> 10.0)
    - FirebaseInstallations (~> 10.0)
    - GoogleDataTransport (~> 9.2)
    - GoogleUtilities/AppDelegateSwizzler (~> 7.8)
    - GoogleUtilities/Environment (~> 7.8)
    - GoogleUtilities/Reachability (~> 7.8)
    - GoogleUtilities/UserDefaults (~> 7.8)
    - nanopb (< 2.30910.0, >= 2.30908.0)
  - FirebaseMessagingInterop (10.19.0)
  - FirebaseRemoteConfig (10.18.0):
    - FirebaseABTesting (~> 10.0)
    - FirebaseCore (~> 10.0)
    - FirebaseInstallations (~> 10.0)
    - FirebaseSharedSwift (~> 10.0)
    - GoogleUtilities/Environment (~> 7.8)
    - "GoogleUtilities/NSData+zlib (~> 7.8)"
  - FirebaseSessions (10.19.0):
    - FirebaseCore (~> 10.5)
    - FirebaseCoreExtension (~> 10.0)
    - FirebaseInstallations (~> 10.0)
    - GoogleDataTransport (~> 9.2)
    - GoogleUtilities/Environment (~> 7.10)
    - nanopb (< 2.30910.0, >= 2.30908.0)
    - PromisesSwift (~> 2.1)
  - FirebaseSharedSwift (10.19.0)
  - FirebaseStorage (10.18.0):
    - FirebaseAppCheckInterop (~> 10.0)
    - FirebaseAuthInterop (~> 10.0)
    - FirebaseCore (~> 10.0)
    - FirebaseCoreExtension (~> 10.0)
    - GTMSessionFetcher/Core (< 4.0, >= 2.1)
  - flutter_native_timezone (0.0.1):
    - FlutterMacOS
  - FlutterMacOS (1.0.0)
  - FMDB (2.7.5):
    - FMDB/standard (= 2.7.5)
  - FMDB/standard (2.7.5)
  - google_sign_in_ios (0.0.1):
    - Flutter
    - FlutterMacOS
    - GoogleSignIn (~> 7.0)
  - GoogleAppMeasurement (10.18.0):
    - GoogleAppMeasurement/AdIdSupport (= 10.18.0)
    - GoogleUtilities/AppDelegateSwizzler (~> 7.11)
    - GoogleUtilities/MethodSwizzler (~> 7.11)
    - GoogleUtilities/Network (~> 7.11)
    - "GoogleUtilities/NSData+zlib (~> 7.11)"
    - nanopb (< 2.30910.0, >= 2.30908.0)
  - GoogleAppMeasurement/AdIdSupport (10.18.0):
    - GoogleAppMeasurement/WithoutAdIdSupport (= 10.18.0)
    - GoogleUtilities/AppDelegateSwizzler (~> 7.11)
    - GoogleUtilities/MethodSwizzler (~> 7.11)
    - GoogleUtilities/Network (~> 7.11)
    - "GoogleUtilities/NSData+zlib (~> 7.11)"
    - nanopb (< 2.30910.0, >= 2.30908.0)
  - GoogleAppMeasurement/WithoutAdIdSupport (10.18.0):
    - GoogleUtilities/AppDelegateSwizzler (~> 7.11)
    - GoogleUtilities/MethodSwizzler (~> 7.11)
    - GoogleUtilities/Network (~> 7.11)
    - "GoogleUtilities/NSData+zlib (~> 7.11)"
    - nanopb (< 2.30910.0, >= 2.30908.0)
  - GoogleDataTransport (9.3.0):
    - GoogleUtilities/Environment (~> 7.7)
    - nanopb (< 2.30910.0, >= 2.30908.0)
    - PromisesObjC (< 3.0, >= 1.2)
  - GoogleSignIn (7.0.0):
    - AppAuth (~> 1.5)
    - GTMAppAuth (< 3.0, >= 1.3)
    - GTMSessionFetcher/Core (< 4.0, >= 1.1)
  - GoogleUtilities/AppDelegateSwizzler (7.12.0):
    - GoogleUtilities/Environment
    - GoogleUtilities/Logger
    - GoogleUtilities/Network
  - GoogleUtilities/Environment (7.12.0):
    - PromisesObjC (< 3.0, >= 1.2)
  - GoogleUtilities/Logger (7.12.0):
    - GoogleUtilities/Environment
  - GoogleUtilities/MethodSwizzler (7.12.0):
    - GoogleUtilities/Logger
  - GoogleUtilities/Network (7.12.0):
    - GoogleUtilities/Logger
    - "GoogleUtilities/NSData+zlib"
    - GoogleUtilities/Reachability
  - "GoogleUtilities/NSData+zlib (7.12.0)"
  - GoogleUtilities/Reachability (7.12.0):
    - GoogleUtilities/Logger
  - GoogleUtilities/UserDefaults (7.12.0):
    - GoogleUtilities/Logger
  - GTMAppAuth (2.0.0):
    - AppAuth/Core (~> 1.6)
    - GTMSessionFetcher/Core (< 4.0, >= 1.5)
  - GTMSessionFetcher/Core (3.2.0)
  - mobile_scanner (3.0.0):
    - FlutterMacOS
  - nanopb (2.30909.1):
    - nanopb/decode (= 2.30909.1)
    - nanopb/encode (= 2.30909.1)
  - nanopb/decode (2.30909.1)
  - nanopb/encode (2.30909.1)
  - package_info_plus (0.0.1):
    - FlutterMacOS
  - path_provider_foundation (0.0.1):
    - Flutter
    - FlutterMacOS
  - pdfx (1.0.0):
    - FlutterMacOS
  - PromisesObjC (2.3.1)
  - PromisesSwift (2.3.1):
    - PromisesObjC (= 2.3.1)
  - purchases_flutter (6.6.0):
    - FlutterMacOS
    - PurchasesHybridCommon (= 8.2.1)
  - PurchasesHybridCommon (8.2.1):
    - RevenueCat (= 4.31.6)
  - RevenueCat (4.31.6)
  - shared_preferences_foundation (0.0.1):
    - Flutter
    - FlutterMacOS
  - sqflite (0.0.2):
    - FlutterMacOS
    - FMDB (>= 2.7.5)
  - url_launcher_macos (0.0.1):
    - FlutterMacOS
  - wakelock_plus (0.0.1):
    - FlutterMacOS

DEPENDENCIES:
  - cloud_firestore (from `Flutter/ephemeral/.symlinks/plugins/cloud_firestore/macos`)
  - cloud_functions (from `Flutter/ephemeral/.symlinks/plugins/cloud_functions/macos`)
  - device_info_plus (from `Flutter/ephemeral/.symlinks/plugins/device_info_plus/macos`)
  - fast_rsa (from `Flutter/ephemeral/.symlinks/plugins/fast_rsa/macos`)
  - file_selector_macos (from `Flutter/ephemeral/.symlinks/plugins/file_selector_macos/macos`)
  - firebase_analytics (from `Flutter/ephemeral/.symlinks/plugins/firebase_analytics/macos`)
  - firebase_auth (from `Flutter/ephemeral/.symlinks/plugins/firebase_auth/macos`)
  - firebase_core (from `Flutter/ephemeral/.symlinks/plugins/firebase_core/macos`)
  - firebase_crashlytics (from `Flutter/ephemeral/.symlinks/plugins/firebase_crashlytics/macos`)
  - firebase_messaging (from `Flutter/ephemeral/.symlinks/plugins/firebase_messaging/macos`)
  - firebase_remote_config (from `Flutter/ephemeral/.symlinks/plugins/firebase_remote_config/macos`)
  - firebase_storage (from `Flutter/ephemeral/.symlinks/plugins/firebase_storage/macos`)
  - FirebaseFirestore (from `https://github.com/invertase/firestore-ios-sdk-frameworks.git`, tag `10.18.0`)
  - flutter_native_timezone (from `Flutter/ephemeral/.symlinks/plugins/flutter_native_timezone/macos`)
  - FlutterMacOS (from `Flutter/ephemeral`)
  - google_sign_in_ios (from `Flutter/ephemeral/.symlinks/plugins/google_sign_in_ios/darwin`)
  - mobile_scanner (from `Flutter/ephemeral/.symlinks/plugins/mobile_scanner/macos`)
  - package_info_plus (from `Flutter/ephemeral/.symlinks/plugins/package_info_plus/macos`)
  - path_provider_foundation (from `Flutter/ephemeral/.symlinks/plugins/path_provider_foundation/darwin`)
  - pdfx (from `Flutter/ephemeral/.symlinks/plugins/pdfx/macos`)
  - purchases_flutter (from `Flutter/ephemeral/.symlinks/plugins/purchases_flutter/macos`)
  - shared_preferences_foundation (from `Flutter/ephemeral/.symlinks/plugins/shared_preferences_foundation/darwin`)
  - sqflite (from `Flutter/ephemeral/.symlinks/plugins/sqflite/macos`)
  - url_launcher_macos (from `Flutter/ephemeral/.symlinks/plugins/url_launcher_macos/macos`)
  - wakelock_plus (from `Flutter/ephemeral/.symlinks/plugins/wakelock_plus/macos`)

SPEC REPOS:
  trunk:
    - AppAuth
    - Firebase
    - FirebaseABTesting
    - FirebaseAnalytics
    - FirebaseAppCheckInterop
    - FirebaseAuth
    - FirebaseAuthInterop
    - FirebaseCore
    - FirebaseCoreExtension
    - FirebaseCoreInternal
    - FirebaseCrashlytics
    - FirebaseFunctions
    - FirebaseInstallations
    - FirebaseMessaging
    - FirebaseMessagingInterop
    - FirebaseRemoteConfig
    - FirebaseSessions
    - FirebaseSharedSwift
    - FirebaseStorage
    - FMDB
    - GoogleAppMeasurement
    - GoogleDataTransport
    - GoogleSignIn
    - GoogleUtilities
    - GTMAppAuth
    - GTMSessionFetcher
    - nanopb
    - PromisesObjC
    - PromisesSwift
    - PurchasesHybridCommon
    - RevenueCat

EXTERNAL SOURCES:
  cloud_firestore:
    :path: Flutter/ephemeral/.symlinks/plugins/cloud_firestore/macos
  cloud_functions:
    :path: Flutter/ephemeral/.symlinks/plugins/cloud_functions/macos
  device_info_plus:
    :path: Flutter/ephemeral/.symlinks/plugins/device_info_plus/macos
  fast_rsa:
    :path: Flutter/ephemeral/.symlinks/plugins/fast_rsa/macos
  file_selector_macos:
    :path: Flutter/ephemeral/.symlinks/plugins/file_selector_macos/macos
  firebase_analytics:
    :path: Flutter/ephemeral/.symlinks/plugins/firebase_analytics/macos
  firebase_auth:
    :path: Flutter/ephemeral/.symlinks/plugins/firebase_auth/macos
  firebase_core:
    :path: Flutter/ephemeral/.symlinks/plugins/firebase_core/macos
  firebase_crashlytics:
    :path: Flutter/ephemeral/.symlinks/plugins/firebase_crashlytics/macos
  firebase_messaging:
    :path: Flutter/ephemeral/.symlinks/plugins/firebase_messaging/macos
  firebase_remote_config:
    :path: Flutter/ephemeral/.symlinks/plugins/firebase_remote_config/macos
  firebase_storage:
    :path: Flutter/ephemeral/.symlinks/plugins/firebase_storage/macos
  FirebaseFirestore:
    :git: https://github.com/invertase/firestore-ios-sdk-frameworks.git
    :tag: 10.18.0
  flutter_native_timezone:
    :path: Flutter/ephemeral/.symlinks/plugins/flutter_native_timezone/macos
  FlutterMacOS:
    :path: Flutter/ephemeral
  google_sign_in_ios:
    :path: Flutter/ephemeral/.symlinks/plugins/google_sign_in_ios/darwin
  mobile_scanner:
    :path: Flutter/ephemeral/.symlinks/plugins/mobile_scanner/macos
  package_info_plus:
    :path: Flutter/ephemeral/.symlinks/plugins/package_info_plus/macos
  path_provider_foundation:
    :path: Flutter/ephemeral/.symlinks/plugins/path_provider_foundation/darwin
  pdfx:
    :path: Flutter/ephemeral/.symlinks/plugins/pdfx/macos
  purchases_flutter:
    :path: Flutter/ephemeral/.symlinks/plugins/purchases_flutter/macos
  shared_preferences_foundation:
    :path: Flutter/ephemeral/.symlinks/plugins/shared_preferences_foundation/darwin
  sqflite:
    :path: Flutter/ephemeral/.symlinks/plugins/sqflite/macos
  url_launcher_macos:
    :path: Flutter/ephemeral/.symlinks/plugins/url_launcher_macos/macos
  wakelock_plus:
    :path: Flutter/ephemeral/.symlinks/plugins/wakelock_plus/macos

CHECKOUT OPTIONS:
  FirebaseFirestore:
    :git: https://github.com/invertase/firestore-ios-sdk-frameworks.git
    :tag: 10.18.0

SPEC CHECKSUMS:
  AppAuth: 3bb1d1cd9340bd09f5ed189fb00b1cc28e1e8570
  cloud_firestore: e6c36ba519231ad8540c26243d9fd9c31f1badb8
  cloud_functions: def946822e4927f0bcdfe78152fb8b2590fd74f3
  device_info_plus: 5401765fde0b8d062a2f8eb65510fb17e77cf07f
  fast_rsa: 47a50bec1042c8c01726007dc0590a078418f997
  file_selector_macos: 468fb6b81fac7c0e88d71317f3eec34c3b008ff9
  Firebase: 414ad272f8d02dfbf12662a9d43f4bba9bec2a06
  firebase_analytics: bf181e2a4e102386a8011ed7ea775ce0f090833a
  firebase_auth: 3fafae5bb68e70c0e0c973d4807ee40a73483bab
  firebase_core: a74ee8b3ab5f91ae6b73f4913eaca996c24458b6
  firebase_crashlytics: 71c0279d6154ae41f5486df50fa577c135ac8863
  firebase_messaging: 9b0d7d31d572ae63f1202c1136081be33443d9c0
  firebase_remote_config: 9066e1e5f6f0e74b8fb553f12123e4629d115cad
  firebase_storage: b344aab91d4a778c66fb65c8593dfbb6de44de87
  FirebaseABTesting: bfa3b384b68cee10a89183649c64cd7998a37a12
  FirebaseAnalytics: 4d310b35c48eaa4a058ddc04bdca6bdb5dc0fe80
  FirebaseAppCheckInterop: 37884781f3e16a1ba47e7ec80a1e805f987788e3
  FirebaseAuth: 12314b438fa76048540c8fb86d6cfc9e08595176
  FirebaseAuthInterop: f90d6820bf6ecf44753b9f13ba941902d00b525a
  FirebaseCore: 2322423314d92f946219c8791674d2f3345b598f
  FirebaseCoreExtension: c08d14c7b22e07994e876d837e6f58642f340087
  FirebaseCoreInternal: b444828ea7cfd594fca83046b95db98a2be4f290
  FirebaseCrashlytics: 86d5bce01f42fa1db265f87ff1d591f04db610ec
  FirebaseFirestore: 4e32f3bf7ed59f574416e46ddfdfac418f42eab6
  FirebaseFunctions: b2565df59e28f00e070ff066bd61c2ce4da0e735
  FirebaseInstallations: 033d199474164db20c8350736842a94fe717b960
  FirebaseMessaging: 9bc34a98d2e0237e1b121915120d4d48ddcf301e
  FirebaseMessagingInterop: ec84569ed0436f52280ca07a214a83f48674cf5c
  FirebaseRemoteConfig: bbd42790a4e84fde6aab7eae810b608e7b5c0bf6
  FirebaseSessions: e5f4caa188dc8bc6142abc974355be75b042215e
  FirebaseSharedSwift: f34eeb7d3ea87a34497629b6ca41657beadef76a
  FirebaseStorage: 8333c4b183764cdd170d9539a61322b71c23adff
  flutter_native_timezone: 3a4724189c47dea215bb3e168e555e18308d312c
  FlutterMacOS: 8f6f14fa908a6fb3fba0cd85dbd81ec4b251fb24
  FMDB: 2ce00b547f966261cd18927a3ddb07cb6f3db82a
  google_sign_in_ios: ede92ec558c3a73ec07cb180f31820152fb8ca89
  GoogleAppMeasurement: 70ce9aa438cff1cfb31ea3e660bcc67734cb716e
  GoogleDataTransport: 57c22343ab29bc686febbf7cbb13bad167c2d8fe
  GoogleSignIn: b232380cf495a429b8095d3178a8d5855b42e842
  GoogleUtilities: 0759d1a57ebb953965c2dfe0ba4c82e95ccc2e34
  GTMAppAuth: 99fb010047ba3973b7026e45393f51f27ab965ae
  GTMSessionFetcher: 41b9ef0b4c08a6db4b7eb51a21ae5183ec99a2c8
  mobile_scanner: ed7618fb749adc6574563e053f3b8e5002c13994
  nanopb: d4d75c12cd1316f4a64e3c6963f879ecd4b5e0d5
  package_info_plus: 02d7a575e80f194102bef286361c6c326e4c29ce
  path_provider_foundation: 29f094ae23ebbca9d3d0cec13889cd9060c0e943
  pdfx: d1c406047b02acc54fe98495ae24b04fe9b4f024
  PromisesObjC: c50d2056b5253dadbd6c2bea79b0674bd5a52fa4
  PromisesSwift: 28dca69a9c40779916ac2d6985a0192a5cb4a265
  purchases_flutter: d960a45de67746a2bdbfd4125cd5c15369bc434d
  PurchasesHybridCommon: 9adfb3252d99e22142aae9b8456e0069f0cae72d
  RevenueCat: a853fc1d6eb058e8546d91fba9c9c5cd2e041949
  shared_preferences_foundation: 5b919d13b803cadd15ed2dc053125c68730e5126
  sqflite: a5789cceda41d54d23f31d6de539d65bb14100ea
  url_launcher_macos: d2691c7dd33ed713bf3544850a623080ec693d95
  wakelock_plus: 4783562c9a43d209c458cb9b30692134af456269

PODFILE CHECKSUM: f393e17e3f6355286a23a9d9aa158e0b1712aa92

COCOAPODS: 1.12.1
