# Generated by pub
# See https://dart.dev/tools/pub/glossary#lockfile
packages:
  _flutterfire_internals:
    dependency: transitive
    description:
      name: _flutterfire_internals
      url: "https://pub.dartlang.org"
    source: hosted
    version: "1.0.2"
  app_functions:
    dependency: transitive
    description:
      path: "../app_functions"
      relative: true
    source: path
    version: "0.0.1"
  async:
    dependency: transitive
    description:
      name: async
      sha256: bfe67ef28df125b7dddcea62755991f807aa39a2492a23e1550161692950bbe0
      url: "https://pub.dev"
    source: hosted
    version: "2.10.0"
  boolean_selector:
    dependency: transitive
    description:
      name: boolean_selector
      sha256: "6cfb5af12253eaf2b368f07bacc5a80d1301a071c73360d746b7f2e32d762c66"
      url: "https://pub.dev"
    source: hosted
    version: "2.1.1"
  characters:
    dependency: "direct main"
    description:
      name: characters
      sha256: e6a326c8af69605aec75ed6c187d06b349707a27fbff8222ca9cc2cff167975c
      url: "https://pub.dev"
    source: hosted
    version: "1.2.1"
  clock:
    dependency: transitive
    description:
      name: clock
      sha256: cb6d7f03e1de671e34607e909a7213e31d7752be4fb66a86d29fe1eb14bfb5cf
      url: "https://pub.dev"
    source: hosted
    version: "1.1.1"
  cloud_firestore:
    dependency: transitive
    description:
      name: cloud_firestore
      sha256: bc0cf6eacff3dd08e5661cba07db7597628bf9bf1685732e4c406f8c67f9c02d
      url: "https://pub.dev"
    source: hosted
    version: "3.5.1"
  cloud_firestore_platform_interface:
    dependency: transitive
    description:
      name: cloud_firestore_platform_interface
      sha256: "963cf029bbd019014753d351bffc9f3e4e844691c5abe46fe89e5806acde10b1"
      url: "https://pub.dev"
    source: hosted
    version: "5.7.7"
  cloud_firestore_web:
    dependency: transitive
    description:
      name: cloud_firestore_web
      sha256: "3b484a682e9d68360541dab328868c4bf68e68a1d0576f590e0724d92fe2f90f"
      url: "https://pub.dev"
    source: hosted
    version: "2.8.10"
  cloud_functions:
    dependency: transitive
    description:
      name: cloud_functions
      sha256: "830a3057e46a0fdef4f8cef80ec28a2aab9c1007220cc44775491ef08e388431"
      url: "https://pub.dev"
    source: hosted
    version: "3.3.9"
  cloud_functions_platform_interface:
    dependency: transitive
    description:
      name: cloud_functions_platform_interface
      sha256: "85838122321e5b235b8dae5ff2912211936b991f1f3e1982ed0c0b56bcd447c2"
      url: "https://pub.dev"
    source: hosted
    version: "5.1.19"
  cloud_functions_web:
    dependency: transitive
    description:
      name: cloud_functions_web
      sha256: bb4647d33ec9ab024859cf8b03a79500b239008bc1265143569b8580e2794684
      url: "https://pub.dev"
    source: hosted
    version: "4.3.7"
  collection:
    dependency: transitive
    description:
      name: collection
      sha256: cfc915e6923fe5ce6e153b0723c753045de46de1b4d63771530504004a45fae0
      url: "https://pub.dev"
    source: hosted
    version: "1.17.0"
  crash_analytics:
    dependency: transitive
    description:
      path: "../crash_analytics"
      relative: true
    source: path
    version: "0.0.1"
  date:
    dependency: "direct main"
    description:
      path: "../date"
      relative: true
    source: path
    version: "1.0.0"
  device_info_plus:
    dependency: transitive
    description:
      name: device_info_plus
      sha256: b809c4ed5f7fcdb325ccc70b80ad934677dc4e2aa414bf46859a42bfdfafcbb6
      url: "https://pub.dev"
    source: hosted
    version: "4.1.3"
  device_info_plus_linux:
    dependency: transitive
    description:
      name: device_info_plus_linux
      sha256: "77a8b3c4af06bc46507f89304d9f49dfc64b4ae004b994532ed23b34adeae4b3"
      url: "https://pub.dev"
    source: hosted
    version: "3.0.0"
  device_info_plus_macos:
    dependency: transitive
    description:
      name: device_info_plus_macos
      sha256: "37961762fbd46d3620c7b69ca606671014db55fc1b7a11e696fd90ed2e8fe03d"
      url: "https://pub.dev"
    source: hosted
    version: "3.0.0"
  device_info_plus_platform_interface:
    dependency: transitive
    description:
      name: device_info_plus_platform_interface
      sha256: "83fdba24fcf6846d3b10f10dfdc8b6c6d7ada5f8ed21d62ea2909c2dfa043773"
      url: "https://pub.dev"
    source: hosted
    version: "3.0.0"
  device_info_plus_web:
    dependency: transitive
    description:
      name: device_info_plus_web
      sha256: "5890f6094df108181c7a29720bc23d0fd6159f17d82787fac093d1fefcaf6325"
      url: "https://pub.dev"
    source: hosted
    version: "3.0.0"
  device_info_plus_windows:
    dependency: transitive
    description:
      name: device_info_plus_windows
      sha256: "23a2874af0e23ee6e3a2a0ebcecec3a9da13241f2cb93a93a44c8764df123dd7"
      url: "https://pub.dev"
    source: hosted
    version: "4.1.0"
  fake_async:
    dependency: transitive
    description:
      name: fake_async
      sha256: "511392330127add0b769b75a987850d136345d9227c6b94c96a04cf4a391bf78"
      url: "https://pub.dev"
    source: hosted
    version: "1.3.1"
  ffi:
    dependency: transitive
    description:
      name: ffi
      sha256: a38574032c5f1dd06c4aee541789906c12ccaab8ba01446e800d9c5b79c4a978
      url: "https://pub.dev"
    source: hosted
    version: "2.0.1"
  file:
    dependency: transitive
    description:
      name: file
      sha256: "1b92bec4fc2a72f59a8e15af5f52cd441e4a7860b49499d69dfa817af20e925d"
      url: "https://pub.dev"
    source: hosted
    version: "6.1.4"
  firebase_auth:
    dependency: transitive
    description:
      name: firebase_auth
      sha256: "3b0a070467c98130373052f539b80efdaaa8873163087b3aa5f91d1e857d43ac"
      url: "https://pub.dev"
    source: hosted
    version: "3.4.2"
  firebase_auth_platform_interface:
    dependency: transitive
    description:
      name: firebase_auth_platform_interface
      url: "https://pub.dartlang.org"
    source: hosted
    version: "6.3.2"
  firebase_auth_web:
    dependency: transitive
    description:
      name: firebase_auth_web
      url: "https://pub.dartlang.org"
    source: hosted
    version: "4.0.0"
  firebase_core:
    dependency: transitive
    description:
      name: firebase_core
      sha256: "4f1d7c13a909e82ff026679c9b8493cdeb35a9c76bc46c42bf9e2240c9e57e80"
      url: "https://pub.dev"
    source: hosted
    version: "1.24.0"
  firebase_core_platform_interface:
    dependency: transitive
    description:
      name: firebase_core_platform_interface
      sha256: b51257a8b4388565cd66062d727d3e60067b5f5cc3390eb0ecd20b8f97741bdb
      url: "https://pub.dev"
    source: hosted
    version: "4.5.1"
  firebase_core_web:
    dependency: transitive
    description:
      name: firebase_core_web
      sha256: "839f1b48032a61962792cea1225fae030d4f27163867f181d6d2072dd40acbee"
      url: "https://pub.dev"
    source: hosted
    version: "1.7.3"
  firebase_crashlytics:
    dependency: transitive
    description:
      name: firebase_crashlytics
      sha256: ac49cc52508077a948df724d29747ac3e6e71e5bea7df3457b13c259b673e92b
      url: "https://pub.dev"
    source: hosted
    version: "2.8.11"
  firebase_crashlytics_platform_interface:
    dependency: transitive
    description:
      name: firebase_crashlytics_platform_interface
      sha256: a02a0e668a09e7ac821c8f2cf40a8571fdc0a080da447ce4dcf2f4ffaeda0ba3
      url: "https://pub.dev"
    source: hosted
    version: "3.2.17"
  flutter:
    dependency: "direct main"
    description: flutter
    source: sdk
    version: "0.0.0"
  flutter_test:
    dependency: "direct dev"
    description: flutter
    source: sdk
    version: "0.0.0"
  flutter_web_plugins:
    dependency: transitive
    description: flutter
    source: sdk
    version: "0.0.0"
  http_parser:
    dependency: transitive
    description:
      name: http_parser
      url: "https://pub.dartlang.org"
    source: hosted
    version: "4.0.2"
  intl:
    dependency: transitive
    description:
      name: intl
      sha256: "910f85bce16fb5c6f614e117efa303e85a1731bb0081edf3604a2ae6e9a3cc91"
      url: "https://pub.dev"
    source: hosted
    version: "0.17.0"
  js:
    dependency: transitive
    description:
      name: js
      sha256: "5528c2f391ededb7775ec1daa69e65a2d61276f7552de2b5f7b8d34ee9fd4ab7"
      url: "https://pub.dev"
    source: hosted
    version: "0.6.5"
  matcher:
    dependency: transitive
    description:
      name: matcher
      sha256: "16db949ceee371e9b99d22f88fa3a73c4e59fd0afed0bd25fc336eb76c198b72"
      url: "https://pub.dev"
    source: hosted
    version: "0.12.13"
  material_color_utilities:
    dependency: transitive
    description:
      name: material_color_utilities
      sha256: d92141dc6fe1dad30722f9aa826c7fbc896d021d792f80678280601aff8cf724
      url: "https://pub.dev"
    source: hosted
    version: "0.2.0"
  meta:
    dependency: transitive
    description:
      name: meta
      sha256: "6c268b42ed578a53088d834796959e4a1814b5e9e164f147f580a386e5decf42"
      url: "https://pub.dev"
    source: hosted
    version: "1.8.0"
  path:
    dependency: transitive
    description:
      name: path
      sha256: db9d4f58c908a4ba5953fcee2ae317c94889433e5024c27ce74a37f94267945b
      url: "https://pub.dev"
    source: hosted
    version: "1.8.2"
  plugin_platform_interface:
    dependency: transitive
    description:
      name: plugin_platform_interface
      sha256: "5aadc2af7cd403ad0b95ef654c3e628517f4cae9682b4229a66caf9df71844d2"
      url: "https://pub.dev"
    source: hosted
    version: "2.1.3"
  quiver:
    dependency: "direct main"
    description:
      name: quiver
      sha256: "16169b1cc79f01d9c47fe05b5670b87cbf7f5cfc77757369f245c36a6ae2b290"
      url: "https://pub.dev"
    source: hosted
    version: "3.1.0"
  rxdart:
    dependency: transitive
    description:
      name: rxdart
      sha256: "5d22055fd443806c03ef24a02000637cf51eae49c2a0168d38a43fc166b0209c"
      url: "https://pub.dev"
    source: hosted
    version: "0.27.5"
  sharezone_common:
    dependency: "direct main"
    description:
      path: "../sharezone_common"
      relative: true
    source: path
    version: "0.0.1"
  sharezone_utils:
    dependency: transitive
    description:
      path: "../sharezone_utils"
      relative: true
    source: path
    version: "0.0.1"
  sky_engine:
    dependency: transitive
    description: flutter
    source: sdk
    version: "0.0.99"
  source_span:
    dependency: transitive
    description:
      name: source_span
      sha256: dd904f795d4b4f3b870833847c461801f6750a9fa8e61ea5ac53f9422b31f250
      url: "https://pub.dev"
    source: hosted
    version: "1.9.1"
  stack_trace:
    dependency: transitive
    description:
      name: stack_trace
      sha256: c3c7d8edb15bee7f0f74debd4b9c5f3c2ea86766fe4178eb2a18eb30a0bdaed5
      url: "https://pub.dev"
    source: hosted
    version: "1.11.0"
  stream_channel:
    dependency: transitive
    description:
      name: stream_channel
      sha256: "83615bee9045c1d322bbbd1ba209b7a749c2cbcdcb3fdd1df8eb488b3279c1c8"
      url: "https://pub.dev"
    source: hosted
    version: "2.1.1"
  string_scanner:
    dependency: transitive
    description:
      name: string_scanner
      sha256: "556692adab6cfa87322a115640c11f13cb77b3f076ddcc5d6ae3c20242bedcde"
      url: "https://pub.dev"
    source: hosted
    version: "1.2.0"
  term_glyph:
    dependency: transitive
    description:
      name: term_glyph
      sha256: a29248a84fbb7c79282b40b8c72a1209db169a2e0542bce341da992fe1bc7e84
      url: "https://pub.dev"
    source: hosted
    version: "1.2.1"
  test_api:
    dependency: transitive
    description:
      name: test_api
      sha256: ad540f65f92caa91bf21dfc8ffb8c589d6e4dc0c2267818b4cc2792857706206
      url: "https://pub.dev"
    source: hosted
    version: "0.4.16"
  time:
    dependency: "direct main"
    description:
      path: "../time"
      relative: true
    source: path
    version: "1.0.0"
  vector_math:
    dependency: transitive
    description:
      name: vector_math
      sha256: "80b3257d1492ce4d091729e3a67a60407d227c27241d6927be0130c98e741803"
      url: "https://pub.dev"
    source: hosted
    version: "2.1.4"
  win32:
    dependency: transitive
    description:
      name: win32
      sha256: c9ebe7ee4ab0c2194e65d3a07d8c54c5d00bb001b76081c4a04cdb8448b59e46
      url: "https://pub.dev"
    source: hosted
    version: "3.1.3"
sdks:
  dart: ">=2.18.0 <3.0.0"
  flutter: ">=1.20.0"
