# Generated by pub
# See https://dart.dev/tools/pub/glossary#lockfile
packages:
  app_functions:
    dependency: transitive
    description:
      path: "../app_functions"
      relative: true
    source: path
    version: "0.0.1"
  async:
    dependency: transitive
    description:
      name: async
      url: "https://pub.dartlang.org"
    source: hosted
    version: "2.8.2"
  boolean_selector:
    dependency: transitive
    description:
      name: boolean_selector
      url: "https://pub.dartlang.org"
    source: hosted
    version: "2.1.0"
  characters:
    dependency: transitive
    description:
      name: characters
      url: "https://pub.dartlang.org"
    source: hosted
    version: "1.2.0"
  charcode:
    dependency: transitive
    description:
      name: charcode
      url: "https://pub.dartlang.org"
    source: hosted
    version: "1.3.1"
  clock:
    dependency: transitive
    description:
      name: clock
      url: "https://pub.dartlang.org"
    source: hosted
    version: "1.1.0"
  cloud_firestore:
    dependency: transitive
    description:
      name: cloud_firestore
      url: "https://pub.dartlang.org"
    source: hosted
    version: "2.4.0"
  cloud_firestore_platform_interface:
    dependency: transitive
    description:
      name: cloud_firestore_platform_interface
      url: "https://pub.dartlang.org"
    source: hosted
    version: "5.3.0"
  cloud_firestore_web:
    dependency: transitive
    description:
      name: cloud_firestore_web
      url: "https://pub.dartlang.org"
    source: hosted
    version: "2.3.0"
  cloud_functions:
    dependency: transitive
    description:
      name: cloud_functions
      url: "https://pub.dartlang.org"
    source: hosted
    version: "3.0.0"
  cloud_functions_platform_interface:
    dependency: transitive
    description:
      name: cloud_functions_platform_interface
      url: "https://pub.dartlang.org"
    source: hosted
    version: "5.0.8"
  cloud_functions_web:
    dependency: transitive
    description:
      name: cloud_functions_web
      url: "https://pub.dartlang.org"
    source: hosted
    version: "4.0.10"
  collection:
    dependency: transitive
    description:
      name: collection
      url: "https://pub.dartlang.org"
    source: hosted
    version: "1.16.0"
  color:
    dependency: "direct main"
    description:
      name: color
      url: "https://pub.dartlang.org"
    source: hosted
    version: "2.1.1"
  crash_analytics:
    dependency: transitive
    description:
      path: "../crash_analytics"
      relative: true
    source: path
    version: "0.0.1"
  device_info_plus:
    dependency: transitive
    description:
      name: device_info_plus
      url: "https://pub.dartlang.org"
    source: hosted
    version: "3.2.4"
  device_info_plus_linux:
    dependency: transitive
    description:
      name: device_info_plus_linux
      url: "https://pub.dartlang.org"
    source: hosted
    version: "2.1.1"
  device_info_plus_macos:
    dependency: transitive
    description:
      name: device_info_plus_macos
      url: "https://pub.dartlang.org"
    source: hosted
    version: "2.2.3"
  device_info_plus_platform_interface:
    dependency: transitive
    description:
      name: device_info_plus_platform_interface
      url: "https://pub.dartlang.org"
    source: hosted
    version: "2.6.1"
  device_info_plus_web:
    dependency: transitive
    description:
      name: device_info_plus_web
      url: "https://pub.dartlang.org"
    source: hosted
    version: "2.1.0"
  device_info_plus_windows:
    dependency: transitive
    description:
      name: device_info_plus_windows
      url: "https://pub.dartlang.org"
    source: hosted
    version: "2.1.1"
  fake_async:
    dependency: transitive
    description:
      name: fake_async
      url: "https://pub.dartlang.org"
    source: hosted
    version: "1.3.0"
  ffi:
    dependency: transitive
    description:
      name: ffi
      url: "https://pub.dartlang.org"
    source: hosted
    version: "1.2.1"
  file:
    dependency: transitive
    description:
      name: file
      url: "https://pub.dartlang.org"
    source: hosted
    version: "6.1.4"
  firebase_auth:
    dependency: transitive
    description:
      name: firebase_auth
      url: "https://pub.dartlang.org"
    source: hosted
    version: "0.6.2+1"
  firebase_core:
    dependency: transitive
    description:
      name: firebase_core
      url: "https://pub.dartlang.org"
    source: hosted
    version: "1.18.0"
  firebase_core_platform_interface:
    dependency: transitive
    description:
      name: firebase_core_platform_interface
      url: "https://pub.dartlang.org"
    source: hosted
    version: "4.4.1"
  firebase_core_web:
    dependency: transitive
    description:
      name: firebase_core_web
      url: "https://pub.dartlang.org"
    source: hosted
    version: "1.6.5"
  firebase_crashlytics:
    dependency: transitive
    description:
      name: firebase_crashlytics
      url: "https://pub.dartlang.org"
    source: hosted
    version: "2.8.2"
  firebase_crashlytics_platform_interface:
    dependency: transitive
    description:
      name: firebase_crashlytics_platform_interface
      url: "https://pub.dartlang.org"
    source: hosted
    version: "3.2.8"
  flutter:
    dependency: "direct main"
    description: flutter
    source: sdk
    version: "0.0.0"
  flutter_test:
    dependency: "direct dev"
    description: flutter
    source: sdk
    version: "0.0.0"
  flutter_web_plugins:
    dependency: transitive
    description: flutter
    source: sdk
    version: "0.0.0"
  intl:
    dependency: transitive
    description:
      name: intl
      url: "https://pub.dartlang.org"
    source: hosted
    version: "0.16.1"
  js:
    dependency: transitive
    description:
      name: js
      url: "https://pub.dartlang.org"
    source: hosted
    version: "0.6.4"
  matcher:
    dependency: transitive
    description:
      name: matcher
      url: "https://pub.dartlang.org"
    source: hosted
    version: "0.12.11"
  material_color_utilities:
    dependency: transitive
    description:
      name: material_color_utilities
      url: "https://pub.dartlang.org"
    source: hosted
    version: "0.1.4"
  meta:
    dependency: transitive
    description:
      name: meta
      url: "https://pub.dartlang.org"
    source: hosted
    version: "1.7.0"
  path:
    dependency: transitive
    description:
      name: path
      url: "https://pub.dartlang.org"
    source: hosted
    version: "1.8.1"
  plugin_platform_interface:
    dependency: transitive
    description:
      name: plugin_platform_interface
      url: "https://pub.dartlang.org"
    source: hosted
    version: "2.0.1"
  quiver:
    dependency: transitive
    description:
      name: quiver
      url: "https://pub.dartlang.org"
    source: hosted
    version: "2.1.3"
  rxdart:
    dependency: transitive
    description:
      name: rxdart
      url: "https://pub.dartlang.org"
    source: hosted
    version: "0.27.6"
  sharezone_common:
    dependency: "direct main"
    description:
      path: "../sharezone_common"
      relative: true
    source: path
    version: "0.0.1"
  sharezone_utils:
    dependency: transitive
    description:
      path: "../sharezone_utils"
      relative: true
    source: path
    version: "0.0.1"
  sky_engine:
    dependency: transitive
    description: flutter
    source: sdk
    version: "0.0.99"
  source_span:
    dependency: transitive
    description:
      name: source_span
      url: "https://pub.dartlang.org"
    source: hosted
    version: "1.8.2"
  stack_trace:
    dependency: transitive
    description:
      name: stack_trace
      url: "https://pub.dartlang.org"
    source: hosted
    version: "1.10.0"
  stream_channel:
    dependency: transitive
    description:
      name: stream_channel
      url: "https://pub.dartlang.org"
    source: hosted
    version: "2.1.0"
  string_scanner:
    dependency: transitive
    description:
      name: string_scanner
      url: "https://pub.dartlang.org"
    source: hosted
    version: "1.1.0"
  term_glyph:
    dependency: transitive
    description:
      name: term_glyph
      url: "https://pub.dartlang.org"
    source: hosted
    version: "1.2.0"
  test_api:
    dependency: transitive
    description:
      name: test_api
      url: "https://pub.dartlang.org"
    source: hosted
    version: "0.4.9"
  vector_math:
    dependency: transitive
    description:
      name: vector_math
      url: "https://pub.dartlang.org"
    source: hosted
    version: "2.1.2"
  win32:
    dependency: transitive
    description:
      name: win32
      url: "https://pub.dartlang.org"
    source: hosted
    version: "2.6.1"
sdks:
  dart: ">=2.17.0 <3.0.0"
  flutter: ">=1.20.0"
