# Generated by pub
# See https://dart.dev/tools/pub/glossary#lockfile
packages:
  _flutterfire_internals:
    dependency: transitive
    description:
      name: _flutterfire_internals
      sha256: "1a5e13736d59235ce0139621b4bbe29bc89839e202409081bc667eb3cd20674c"
      url: "https://pub.dev"
    source: hosted
    version: "1.3.5"
  analytics:
    dependency: "direct main"
    description:
      path: "../../analytics"
      relative: true
    source: path
    version: "0.0.1"
  app_functions:
    dependency: transitive
    description:
      path: "../../app_functions"
      relative: true
    source: path
    version: "0.0.1"
  async:
    dependency: transitive
    description:
      name: async
      sha256: "947bfcf187f74dbc5e146c9eb9c0f10c9f8b30743e341481c1e2ed3ecc18c20c"
      url: "https://pub.dev"
    source: hosted
    version: "2.11.0"
  bloc_base:
    dependency: "direct main"
    description:
      path: "../../bloc_base"
      relative: true
    source: path
    version: "0.0.0"
  boolean_selector:
    dependency: transitive
    description:
      name: boolean_selector
      sha256: "6cfb5af12253eaf2b368f07bacc5a80d1301a071c73360d746b7f2e32d762c66"
      url: "https://pub.dev"
    source: hosted
    version: "2.1.1"
  characters:
    dependency: transitive
    description:
      name: characters
      sha256: "04a925763edad70e8443c99234dc3328f442e811f1d8fd1a72f1c8ad0f69a605"
      url: "https://pub.dev"
    source: hosted
    version: "1.3.0"
  clock:
    dependency: transitive
    description:
      name: clock
      sha256: cb6d7f03e1de671e34607e909a7213e31d7752be4fb66a86d29fe1eb14bfb5cf
      url: "https://pub.dev"
    source: hosted
    version: "1.1.1"
  cloud_firestore:
    dependency: "direct main"
    description:
      name: cloud_firestore
      sha256: "21cffe06a212015950010ecb9adbf1eb9acaf294f2bd159bde7980aee37c997b"
      url: "https://pub.dev"
    source: hosted
    version: "4.9.0"
  cloud_firestore_platform_interface:
    dependency: transitive
    description:
      name: cloud_firestore_platform_interface
      sha256: "5749b81aea93afdce220e02d34369162010d210011054ac494b2c38c4e9ebeb7"
      url: "https://pub.dev"
    source: hosted
    version: "5.16.0"
  cloud_firestore_web:
    dependency: transitive
    description:
      name: cloud_firestore_web
      sha256: fef99ad0599e983092adb1bb01f14a596dba601a7a8efaaffd7b2721d64e2c51
      url: "https://pub.dev"
    source: hosted
    version: "3.7.0"
  cloud_functions:
    dependency: transitive
    description:
      name: cloud_functions
      sha256: "6c5ce6c78bcf92b422b58e76dc33cd46b16cf421fc4d439fc77b7d44a74dc80d"
      url: "https://pub.dev"
    source: hosted
    version: "4.4.0"
  cloud_functions_platform_interface:
    dependency: transitive
    description:
      name: cloud_functions_platform_interface
      sha256: "2d6bf40c9b9db65f89e97f0e74833794191df4398f7e92a6b1dd3201ec70cfb7"
      url: "https://pub.dev"
    source: hosted
    version: "5.5.0"
  cloud_functions_web:
    dependency: transitive
    description:
      name: cloud_functions_web
      sha256: "3937c217f90a51e251c37fc15a4c1be563b50d1f4268284f3ebf83ed70ba1ff8"
      url: "https://pub.dev"
    source: hosted
    version: "4.6.0"
  collection:
    dependency: transitive
    description:
      name: collection
      sha256: ee67cb0715911d28db6bf4af1026078bd6f0128b07a5f66fb2ed94ec6783c09a
      url: "https://pub.dev"
    source: hosted
    version: "1.18.0"
  crash_analytics:
    dependency: transitive
    description:
      path: "../../crash_analytics"
      relative: true
    source: path
    version: "0.0.1"
  crypto:
    dependency: transitive
    description:
      name: crypto
      sha256: ff625774173754681d66daaf4a448684fb04b78f902da9cb3d308c19cc5e8bab
      url: "https://pub.dev"
    source: hosted
    version: "3.0.3"
  date:
    dependency: transitive
    description:
      path: "../../date"
      relative: true
    source: path
    version: "1.0.0"
  device_info_plus:
    dependency: transitive
    description:
      name: device_info_plus
      sha256: "86add5ef97215562d2e090535b0a16f197902b10c369c558a100e74ea06e8659"
      url: "https://pub.dev"
    source: hosted
    version: "9.0.3"
  device_info_plus_platform_interface:
    dependency: transitive
    description:
      name: device_info_plus_platform_interface
      sha256: d3b01d5868b50ae571cd1dc6e502fc94d956b665756180f7b16ead09e836fd64
      url: "https://pub.dev"
    source: hosted
    version: "7.0.0"
  fake_async:
    dependency: transitive
    description:
      name: fake_async
      sha256: "511392330127add0b769b75a987850d136345d9227c6b94c96a04cf4a391bf78"
      url: "https://pub.dev"
    source: hosted
    version: "1.3.1"
  ffi:
    dependency: transitive
    description:
      name: ffi
      sha256: "7bf0adc28a23d395f19f3f1eb21dd7cfd1dd9f8e1c50051c069122e6853bc878"
      url: "https://pub.dev"
    source: hosted
    version: "2.1.0"
  file:
    dependency: transitive
    description:
      name: file
      sha256: "1b92bec4fc2a72f59a8e15af5f52cd441e4a7860b49499d69dfa817af20e925d"
      url: "https://pub.dev"
    source: hosted
    version: "6.1.4"
  firebase_analytics:
    dependency: transitive
    description:
      name: firebase_analytics
      sha256: "82992b2e93e4752d30296a881f65dde6dfdc09671f9a8cf994fa5d453bd72bde"
      url: "https://pub.dev"
    source: hosted
    version: "10.4.5"
  firebase_analytics_platform_interface:
    dependency: transitive
    description:
      name: firebase_analytics_platform_interface
      sha256: b277ab49112ebc4e545c7fc4fdfab99f692f7cd0e35347f8ed6c85d52a87562c
      url: "https://pub.dev"
    source: hosted
    version: "3.6.5"
  firebase_analytics_web:
    dependency: transitive
    description:
      name: firebase_analytics_web
      sha256: "3f05999c06294dbdc05f4afef2b8976e6f57eb449e6aaa07ff751784763a68e0"
      url: "https://pub.dev"
    source: hosted
    version: "0.5.4+5"
  firebase_auth:
    dependency: "direct main"
    description:
      name: firebase_auth
      sha256: "02d9cdf1305f0c22cde492802598a13a1975ec8aa05bf608be799f939352cbe8"
      url: "https://pub.dev"
    source: hosted
    version: "4.8.0"
  firebase_auth_platform_interface:
    dependency: "direct main"
    description:
      name: firebase_auth_platform_interface
      sha256: "19f8d0762544b72471b85bb56469448c3dc9f98b8b8574f744873ec18e04e18c"
      url: "https://pub.dev"
    source: hosted
    version: "6.17.0"
  firebase_auth_web:
    dependency: transitive
    description:
      name: firebase_auth_web
      sha256: ae01b306ae03856c1f0682796ea87bacaab72da44e4b728271c806db99620712
      url: "https://pub.dev"
    source: hosted
    version: "5.7.0"
  firebase_core:
    dependency: transitive
    description:
      name: firebase_core
      sha256: c78132175edda4bc532a71e01a32964e4b4fcf53de7853a422d96dac3725f389
      url: "https://pub.dev"
    source: hosted
    version: "2.15.1"
  firebase_core_platform_interface:
    dependency: transitive
    description:
      name: firebase_core_platform_interface
      sha256: b63e3be6c96ef5c33bdec1aab23c91eb00696f6452f0519401d640938c94cba2
      url: "https://pub.dev"
    source: hosted
    version: "4.8.0"
  firebase_core_web:
    dependency: transitive
    description:
      name: firebase_core_web
      sha256: "4cf4d2161530332ddc3c562f19823fb897ff37a9a774090d28df99f47370e973"
      url: "https://pub.dev"
    source: hosted
    version: "2.7.0"
  firebase_crashlytics:
    dependency: transitive
    description:
      name: firebase_crashlytics
      sha256: fd9e1a1cb7cce3f9dd2358d8363d235f25f056981e23a333db1e57eca693913f
      url: "https://pub.dev"
    source: hosted
    version: "3.3.5"
  firebase_crashlytics_platform_interface:
    dependency: transitive
    description:
      name: firebase_crashlytics_platform_interface
      sha256: "0d19ef23cf7a917a357d2eb1807338ec536ec3232e729ebd769f5bb2aba9e085"
      url: "https://pub.dev"
    source: hosted
    version: "3.6.5"
  flutter:
    dependency: "direct main"
    description: flutter
    source: sdk
    version: "0.0.0"
  flutter_lints:
    dependency: transitive
    description:
      name: flutter_lints
      sha256: "2118df84ef0c3ca93f96123a616ae8540879991b8b57af2f81b76a7ada49b2a4"
      url: "https://pub.dev"
    source: hosted
    version: "2.0.2"
  flutter_test:
    dependency: "direct dev"
    description: flutter
    source: sdk
    version: "0.0.0"
  flutter_web_plugins:
    dependency: transitive
    description: flutter
    source: sdk
    version: "0.0.0"
  google_identity_services_web:
    dependency: transitive
    description:
      name: google_identity_services_web
      sha256: "000b7a31e1fa17ee04b6c0553a2b2ea18f9f9352e4dcc0c9fcc785cf10f2484e"
      url: "https://pub.dev"
    source: hosted
    version: "0.2.2"
  google_sign_in:
    dependency: "direct main"
    description:
      name: google_sign_in
      sha256: "8f8b94880f2753ccb796744259da529674e49b9af2e372abf6978c590c0ebfef"
      url: "https://pub.dev"
    source: hosted
    version: "6.1.6"
  google_sign_in_android:
    dependency: transitive
    description:
      name: google_sign_in_android
      sha256: "8d60a787b29cb7d2bcf29230865f4a91f17323c6ac5b6b9027a6418e48d9ffc3"
      url: "https://pub.dev"
    source: hosted
    version: "6.1.18"
  google_sign_in_dartio:
    dependency: "direct main"
    description:
      path: "."
      ref: aa8dd1d7a43516b0815a92f0b5a470452ebb2efc
      resolved-ref: aa8dd1d7a43516b0815a92f0b5a470452ebb2efc
      url: "https://github.com/nilsreichardt/google_sign_in_dart"
    source: git
    version: "0.2.2+1"
  google_sign_in_ios:
    dependency: transitive
    description:
      name: google_sign_in_ios
      sha256: "6ec0e13a4c5c646471b9f6a25ceb3ae76d339889d4c0f79b729bf0714215a63e"
      url: "https://pub.dev"
    source: hosted
    version: "5.6.2"
  google_sign_in_platform_interface:
    dependency: transitive
    description:
      name: google_sign_in_platform_interface
      sha256: e69553c0fc6a76216e9d06a8c3767e291ad9be42171f879aab7ab708569d4393
      url: "https://pub.dev"
    source: hosted
    version: "2.4.1"
  google_sign_in_web:
    dependency: transitive
    description:
      name: google_sign_in_web
      sha256: "794f5494a945d6dd2654c52f979594ecd2558e5c82ce8272295ba371c93015e6"
      url: "https://pub.dev"
    source: hosted
    version: "0.12.2+1"
  html_unescape:
    dependency: transitive
    description:
      name: html_unescape
      sha256: "15362d7a18f19d7b742ef8dcb811f5fd2a2df98db9f80ea393c075189e0b61e3"
      url: "https://pub.dev"
    source: hosted
    version: "2.0.0"
  http:
    dependency: transitive
    description:
      name: http
      sha256: d4872660c46d929f6b8a9ef4e7a7eff7e49bbf0c4ec3f385ee32df5119175139
      url: "https://pub.dev"
    source: hosted
    version: "1.1.2"
  http_parser:
    dependency: transitive
    description:
      name: http_parser
      sha256: "2aa08ce0341cc9b354a498388e30986515406668dbcc4f7c950c3e715496693b"
      url: "https://pub.dev"
    source: hosted
    version: "4.0.2"
  intl:
    dependency: transitive
    description:
      name: intl
      sha256: "3bc132a9dbce73a7e4a21a17d06e1878839ffbf975568bc875c60537824b0c4d"
      url: "https://pub.dev"
    source: hosted
    version: "0.18.1"
  js:
    dependency: transitive
    description:
      name: js
      sha256: f2c445dce49627136094980615a031419f7f3eb393237e4ecd97ac15dea343f3
      url: "https://pub.dev"
    source: hosted
    version: "0.6.7"
  lints:
    dependency: transitive
    description:
      name: lints
      sha256: "0a217c6c989d21039f1498c3ed9f3ed71b354e69873f13a8dfc3c9fe76f1b452"
      url: "https://pub.dev"
    source: hosted
    version: "2.1.1"
  matcher:
    dependency: transitive
    description:
      name: matcher
      sha256: "1803e76e6653768d64ed8ff2e1e67bea3ad4b923eb5c56a295c3e634bad5960e"
      url: "https://pub.dev"
    source: hosted
    version: "0.12.16"
  material_color_utilities:
    dependency: transitive
    description:
      name: material_color_utilities
      sha256: "9528f2f296073ff54cb9fee677df673ace1218163c3bc7628093e7eed5203d41"
      url: "https://pub.dev"
    source: hosted
    version: "0.5.0"
  meta:
    dependency: "direct main"
    description:
      name: meta
      sha256: a6e590c838b18133bb482a2745ad77c5bb7715fb0451209e1a7567d416678b8e
      url: "https://pub.dev"
    source: hosted
    version: "1.10.0"
  path:
    dependency: transitive
    description:
      name: path
      sha256: "8829d8a55c13fc0e37127c29fedf290c102f4e40ae94ada574091fe0ff96c917"
      url: "https://pub.dev"
    source: hosted
    version: "1.8.3"
  path_provider_linux:
    dependency: transitive
    description:
      name: path_provider_linux
      sha256: ba2b77f0c52a33db09fc8caf85b12df691bf28d983e84cf87ff6d693cfa007b3
      url: "https://pub.dev"
    source: hosted
    version: "2.2.0"
  path_provider_platform_interface:
    dependency: transitive
    description:
      name: path_provider_platform_interface
      sha256: bced5679c7df11190e1ddc35f3222c858f328fff85c3942e46e7f5589bf9eb84
      url: "https://pub.dev"
    source: hosted
    version: "2.1.0"
  path_provider_windows:
    dependency: transitive
    description:
      name: path_provider_windows
      sha256: ee0e0d164516b90ae1f970bdf29f726f1aa730d7cfc449ecc74c495378b705da
      url: "https://pub.dev"
    source: hosted
    version: "2.2.0"
  platform:
    dependency: transitive
    description:
      name: platform
      sha256: "57c07bf82207aee366dfaa3867b3164e4f03a238a461a11b0e8a3a510d51203d"
      url: "https://pub.dev"
    source: hosted
    version: "3.1.1"
  plugin_platform_interface:
    dependency: transitive
    description:
      name: plugin_platform_interface
      sha256: "43798d895c929056255600343db8f049921cbec94d31ec87f1dc5c16c01935dd"
      url: "https://pub.dev"
    source: hosted
    version: "2.1.5"
  quiver:
    dependency: transitive
    description:
      name: quiver
      sha256: b1c1ac5ce6688d77f65f3375a9abb9319b3cb32486bdc7a1e0fdf004d7ba4e47
      url: "https://pub.dev"
    source: hosted
    version: "3.2.1"
  rxdart:
    dependency: "direct main"
    description:
      name: rxdart
      sha256: "0c7c0cedd93788d996e33041ffecda924cc54389199cde4e6a34b440f50044cb"
      url: "https://pub.dev"
    source: hosted
    version: "0.27.7"
  shared_preferences:
    dependency: transitive
    description:
      name: shared_preferences
      sha256: "0344316c947ffeb3a529eac929e1978fcd37c26be4e8468628bac399365a3ca1"
      url: "https://pub.dev"
    source: hosted
    version: "2.2.0"
  shared_preferences_android:
    dependency: transitive
    description:
      name: shared_preferences_android
      sha256: fe8401ec5b6dcd739a0fe9588802069e608c3fdbfd3c3c93e546cf2f90438076
      url: "https://pub.dev"
    source: hosted
    version: "2.2.0"
  shared_preferences_foundation:
    dependency: transitive
    description:
      name: shared_preferences_foundation
      sha256: d29753996d8eb8f7619a1f13df6ce65e34bc107bef6330739ed76f18b22310ef
      url: "https://pub.dev"
    source: hosted
    version: "2.3.3"
  shared_preferences_linux:
    dependency: transitive
    description:
      name: shared_preferences_linux
      sha256: "71d6806d1449b0a9d4e85e0c7a917771e672a3d5dc61149cc9fac871115018e1"
      url: "https://pub.dev"
    source: hosted
    version: "2.3.0"
  shared_preferences_platform_interface:
    dependency: transitive
    description:
      name: shared_preferences_platform_interface
      sha256: "23b052f17a25b90ff2b61aad4cc962154da76fb62848a9ce088efe30d7c50ab1"
      url: "https://pub.dev"
    source: hosted
    version: "2.3.0"
  shared_preferences_web:
    dependency: transitive
    description:
      name: shared_preferences_web
      sha256: "7347b194fb0bbeb4058e6a4e87ee70350b6b2b90f8ac5f8bd5b3a01548f6d33a"
      url: "https://pub.dev"
    source: hosted
    version: "2.2.0"
  shared_preferences_windows:
    dependency: transitive
    description:
      name: shared_preferences_windows
      sha256: f95e6a43162bce43c9c3405f3eb6f39e5b5d11f65fab19196cf8225e2777624d
      url: "https://pub.dev"
    source: hosted
    version: "2.3.0"
  sharezone_common:
    dependency: "direct main"
    description:
      path: "../../sharezone_common"
      relative: true
    source: path
    version: "0.0.1"
  sharezone_lints:
    dependency: "direct dev"
    description:
      path: "../../sharezone_lints"
      relative: true
    source: path
    version: "1.0.0"
  sharezone_utils:
    dependency: "direct main"
    description:
      path: "../../sharezone_utils"
      relative: true
    source: path
    version: "0.0.1"
  sky_engine:
    dependency: transitive
    description: flutter
    source: sdk
    version: "0.0.99"
  source_span:
    dependency: transitive
    description:
      name: source_span
      sha256: "53e943d4206a5e30df338fd4c6e7a077e02254531b138a15aec3bd143c1a8b3c"
      url: "https://pub.dev"
    source: hosted
    version: "1.10.0"
  stack_trace:
    dependency: transitive
    description:
      name: stack_trace
      sha256: "73713990125a6d93122541237550ee3352a2d84baad52d375a4cad2eb9b7ce0b"
      url: "https://pub.dev"
    source: hosted
    version: "1.11.1"
  stream_channel:
    dependency: transitive
    description:
      name: stream_channel
      sha256: ba2aa5d8cc609d96bbb2899c28934f9e1af5cddbd60a827822ea467161eb54e7
      url: "https://pub.dev"
    source: hosted
    version: "2.1.2"
  streaming_shared_preferences:
    dependency: "direct main"
    description:
      name: streaming_shared_preferences
      sha256: "015a7999d8cf6e87a685635e0614910116ee187c885ae0f630da276f8435e457"
      url: "https://pub.dev"
    source: hosted
    version: "2.0.0"
  string_scanner:
    dependency: transitive
    description:
      name: string_scanner
      sha256: "556692adab6cfa87322a115640c11f13cb77b3f076ddcc5d6ae3c20242bedcde"
      url: "https://pub.dev"
    source: hosted
    version: "1.2.0"
  term_glyph:
    dependency: transitive
    description:
      name: term_glyph
      sha256: a29248a84fbb7c79282b40b8c72a1209db169a2e0542bce341da992fe1bc7e84
      url: "https://pub.dev"
    source: hosted
    version: "1.2.1"
  test_api:
    dependency: transitive
    description:
      name: test_api
      sha256: "5c2f730018264d276c20e4f1503fd1308dfbbae39ec8ee63c5236311ac06954b"
      url: "https://pub.dev"
    source: hosted
    version: "0.6.1"
  time:
    dependency: transitive
    description:
      path: "../../time"
      relative: true
    source: path
    version: "1.0.0"
  typed_data:
    dependency: transitive
    description:
      name: typed_data
      sha256: facc8d6582f16042dd49f2463ff1bd6e2c9ef9f3d5da3d9b087e244a7b564b3c
      url: "https://pub.dev"
    source: hosted
    version: "1.3.2"
  url_launcher:
    dependency: transitive
    description:
      name: url_launcher
      sha256: "781bd58a1eb16069412365c98597726cd8810ae27435f04b3b4d3a470bacd61e"
      url: "https://pub.dev"
    source: hosted
    version: "6.1.12"
  url_launcher_android:
    dependency: transitive
    description:
      name: url_launcher_android
      sha256: "3dd2388cc0c42912eee04434531a26a82512b9cb1827e0214430c9bcbddfe025"
      url: "https://pub.dev"
    source: hosted
    version: "6.0.38"
  url_launcher_ios:
    dependency: transitive
    description:
      name: url_launcher_ios
      sha256: "9af7ea73259886b92199f9e42c116072f05ff9bea2dcb339ab935dfc957392c2"
      url: "https://pub.dev"
    source: hosted
    version: "6.1.4"
  url_launcher_linux:
    dependency: transitive
    description:
      name: url_launcher_linux
      sha256: "207f4ddda99b95b4d4868320a352d374b0b7e05eefad95a4a26f57da413443f5"
      url: "https://pub.dev"
    source: hosted
    version: "3.0.5"
  url_launcher_macos:
    dependency: transitive
    description:
      name: url_launcher_macos
      sha256: b55486791f666e62e0e8ff825e58a023fd6b1f71c49926483f1128d3bbd8fe88
      url: "https://pub.dev"
    source: hosted
    version: "3.0.7"
  url_launcher_platform_interface:
    dependency: transitive
    description:
      name: url_launcher_platform_interface
      sha256: bfdfa402f1f3298637d71ca8ecfe840b4696698213d5346e9d12d4ab647ee2ea
      url: "https://pub.dev"
    source: hosted
    version: "2.1.3"
  url_launcher_web:
    dependency: transitive
    description:
      name: url_launcher_web
      sha256: cc26720eefe98c1b71d85f9dc7ef0cada5132617046369d9dc296b3ecaa5cbb4
      url: "https://pub.dev"
    source: hosted
    version: "2.0.18"
  url_launcher_windows:
    dependency: transitive
    description:
      name: url_launcher_windows
      sha256: "7967065dd2b5fccc18c653b97958fdf839c5478c28e767c61ee879f4e7882422"
      url: "https://pub.dev"
    source: hosted
    version: "3.0.7"
  user:
    dependency: "direct main"
    description:
      path: "../../user"
      relative: true
    source: path
    version: "0.0.1"
  vector_math:
    dependency: transitive
    description:
      name: vector_math
      sha256: "80b3257d1492ce4d091729e3a67a60407d227c27241d6927be0130c98e741803"
      url: "https://pub.dev"
    source: hosted
    version: "2.1.4"
  web:
    dependency: transitive
    description:
      name: web
      sha256: afe077240a270dcfd2aafe77602b4113645af95d0ad31128cc02bce5ac5d5152
      url: "https://pub.dev"
    source: hosted
    version: "0.3.0"
  win32:
    dependency: transitive
    description:
      name: win32
      sha256: "5a751eddf9db89b3e5f9d50c20ab8612296e4e8db69009788d6c8b060a84191c"
      url: "https://pub.dev"
    source: hosted
    version: "4.1.4"
  win32_registry:
    dependency: transitive
    description:
      name: win32_registry
      sha256: "1c52f994bdccb77103a6231ad4ea331a244dbcef5d1f37d8462f713143b0bfae"
      url: "https://pub.dev"
    source: hosted
    version: "1.1.0"
  xdg_directories:
    dependency: transitive
    description:
      name: xdg_directories
      sha256: f0c26453a2d47aa4c2570c6a033246a3fc62da2fe23c7ffdd0a7495086dc0247
      url: "https://pub.dev"
    source: hosted
    version: "1.0.2"
sdks:
  dart: ">=3.2.0 <4.0.0"
  flutter: ">=3.13.0"
