PODS:
  - FlutterMacOS (1.0.0)
  - mobile_scanner (0.0.1):
    - FlutterMacOS

DEPENDENCIES:
  - FlutterMacOS (from `Flutter/ephemeral`)
  - mobile_scanner (from `Flutter/ephemeral/.symlinks/plugins/mobile_scanner/macos`)

EXTERNAL SOURCES:
  FlutterMacOS:
    :path: Flutter/ephemeral
  mobile_scanner:
    :path: Flutter/ephemeral/.symlinks/plugins/mobile_scanner/macos

SPEC CHECKSUMS:
  FlutterMacOS: 57701585bf7de1b3fc2bb61f6378d73bbdea8424
  mobile_scanner: 35dc92ffdbd7934b0dbc411b1c731bc2ef23c2dc

PODFILE CHECKSUM: a884f6dd3f7494f3892ee6c81feea3a3abbf9153

COCOAPODS: 1.11.2
