# Generated by pub
# See https://dart.dev/tools/pub/glossary#lockfile
packages:
  _flutterfire_internals:
    dependency: transitive
    description:
      name: _flutterfire_internals
      sha256: "37a42d06068e2fe3deddb2da079a8c4d105f241225ba27b7122b37e9865fd8f7"
      url: "https://pub.dev"
    source: hosted
    version: "1.3.35"
  analytics:
    dependency: transitive
    description:
      path: "../lib/analytics"
      relative: true
    source: path
    version: "0.0.1"
  args:
    dependency: transitive
    description:
      name: args
      sha256: "7cf60b9f0cc88203c5a190b4cd62a99feea42759a7fa695010eb5de1c0b2252a"
      url: "https://pub.dev"
    source: hosted
    version: "2.5.0"
  asn1lib:
    dependency: transitive
    description:
      name: asn1lib
      sha256: "6b151826fcc95ff246cd219a0bf4c753ea14f4081ad71c61939becf3aba27f70"
      url: "https://pub.dev"
    source: hosted
    version: "1.5.5"
  async:
    dependency: transitive
    description:
      name: async
      sha256: "947bfcf187f74dbc5e146c9eb9c0f10c9f8b30743e341481c1e2ed3ecc18c20c"
      url: "https://pub.dev"
    source: hosted
    version: "2.11.0"
  boolean_selector:
    dependency: transitive
    description:
      name: boolean_selector
      sha256: "6cfb5af12253eaf2b368f07bacc5a80d1301a071c73360d746b7f2e32d762c66"
      url: "https://pub.dev"
    source: hosted
    version: "2.1.1"
  build_context:
    dependency: transitive
    description:
      path: "../lib/build_context"
      relative: true
    source: path
    version: "0.0.1"
  characters:
    dependency: transitive
    description:
      name: characters
      sha256: "04a925763edad70e8443c99234dc3328f442e811f1d8fd1a72f1c8ad0f69a605"
      url: "https://pub.dev"
    source: hosted
    version: "1.3.0"
  clock:
    dependency: transitive
    description:
      name: clock
      sha256: cb6d7f03e1de671e34607e909a7213e31d7752be4fb66a86d29fe1eb14bfb5cf
      url: "https://pub.dev"
    source: hosted
    version: "1.1.1"
  cloud_firestore:
    dependency: "direct main"
    description:
      name: cloud_firestore
      sha256: a0f161b92610e078b4962d7e6ebeb66dc9cce0ada3514aeee442f68165d78185
      url: "https://pub.dev"
    source: hosted
    version: "4.17.5"
  cloud_firestore_helper:
    dependency: transitive
    description:
      path: "../lib/cloud_firestore_helper"
      relative: true
    source: path
    version: "0.0.1"
  cloud_firestore_platform_interface:
    dependency: transitive
    description:
      name: cloud_firestore_platform_interface
      sha256: "6a55b319f8d33c307396b9104512e8130a61904528ab7bd8b5402678fca54b81"
      url: "https://pub.dev"
    source: hosted
    version: "6.2.5"
  cloud_firestore_web:
    dependency: transitive
    description:
      name: cloud_firestore_web
      sha256: "89dfa1304d3da48b3039abbb2865e3d30896ef858e569a16804a99f4362283a9"
      url: "https://pub.dev"
    source: hosted
    version: "3.12.5"
  cloud_functions:
    dependency: "direct main"
    description:
      name: cloud_functions
      sha256: ddec68a2fbee603527c009bb20c6bd071559dfa87fda55d9d92052d1ebff5377
      url: "https://pub.dev"
    source: hosted
    version: "4.7.6"
  cloud_functions_platform_interface:
    dependency: transitive
    description:
      name: cloud_functions_platform_interface
      sha256: "0c6fca0e64fc2d3a3834d39f99b0ee6f76d96f94bb5acf4593af891df914d175"
      url: "https://pub.dev"
    source: hosted
    version: "5.5.28"
  cloud_functions_web:
    dependency: transitive
    description:
      name: cloud_functions_web
      sha256: af536e7c7223c64250c6cc384dc553d76bbacc9b9127389df0c654887f203911
      url: "https://pub.dev"
    source: hosted
    version: "4.9.6"
  collection:
    dependency: transitive
    description:
      name: collection
      sha256: ee67cb0715911d28db6bf4af1026078bd6f0128b07a5f66fb2ed94ec6783c09a
      url: "https://pub.dev"
    source: hosted
    version: "1.18.0"
  common_domain_models:
    dependency: "direct main"
    description:
      path: "../lib/common_domain_models"
      relative: true
    source: path
    version: "0.0.0"
  convert:
    dependency: transitive
    description:
      name: convert
      sha256: "0f08b14755d163f6e2134cb58222dd25ea2a2ee8a195e53983d57c075324d592"
      url: "https://pub.dev"
    source: hosted
    version: "3.1.1"
  crash_analytics:
    dependency: transitive
    description:
      path: "../lib/crash_analytics"
      relative: true
    source: path
    version: "0.0.1"
  crypto:
    dependency: transitive
    description:
      name: crypto
      sha256: ec30d999af904f33454ba22ed9a86162b35e52b44ac4807d1d93c288041d7d27
      url: "https://pub.dev"
    source: hosted
    version: "3.0.5"
  encrypt:
    dependency: transitive
    description:
      name: encrypt
      sha256: "62d9aa4670cc2a8798bab89b39fc71b6dfbacf615de6cf5001fb39f7e4a996a2"
      url: "https://pub.dev"
    source: hosted
    version: "5.0.3"
  equatable:
    dependency: transitive
    description:
      name: equatable
      sha256: c2b87cb7756efdf69892005af546c56c0b5037f54d2a88269b4f347a505e3ca2
      url: "https://pub.dev"
    source: hosted
    version: "2.0.5"
  fake_async:
    dependency: transitive
    description:
      name: fake_async
      sha256: "511392330127add0b769b75a987850d136345d9227c6b94c96a04cf4a391bf78"
      url: "https://pub.dev"
    source: hosted
    version: "1.3.1"
  feedback_shared_implementation:
    dependency: "direct main"
    description:
      path: "../lib/feedback_shared_implementation"
      relative: true
    source: path
    version: "0.0.1"
  ffi:
    dependency: transitive
    description:
      name: ffi
      sha256: "16ed7b077ef01ad6170a3d0c57caa4a112a38d7a2ed5602e0aca9ca6f3d98da6"
      url: "https://pub.dev"
    source: hosted
    version: "2.1.3"
  firebase_analytics:
    dependency: transitive
    description:
      name: firebase_analytics
      sha256: dbf1e7ab22cfb1f4a4adb103b46a26276b4edc593d4a78ef6fb942bafc92e035
      url: "https://pub.dev"
    source: hosted
    version: "10.10.7"
  firebase_analytics_platform_interface:
    dependency: transitive
    description:
      name: firebase_analytics_platform_interface
      sha256: "3729b74f8cf1d974a27ba70332ecb55ff5ff560edc8164a6469f4a055b429c37"
      url: "https://pub.dev"
    source: hosted
    version: "3.10.8"
  firebase_analytics_web:
    dependency: transitive
    description:
      name: firebase_analytics_web
      sha256: "019cd7eee74254d33fbd2e29229367ce33063516bf6b3258a341d89e3b0f1655"
      url: "https://pub.dev"
    source: hosted
    version: "0.5.7+7"
  firebase_auth:
    dependency: "direct main"
    description:
      name: firebase_auth
      sha256: cfc2d970829202eca09e2896f0a5aa7c87302817ecc0bdfa954f026046bf10ba
      url: "https://pub.dev"
    source: hosted
    version: "4.20.0"
  firebase_auth_platform_interface:
    dependency: transitive
    description:
      name: firebase_auth_platform_interface
      sha256: a0270e1db3b2098a14cb2a2342b3cd2e7e458e0c391b1f64f6f78b14296ec093
      url: "https://pub.dev"
    source: hosted
    version: "7.3.0"
  firebase_auth_web:
    dependency: transitive
    description:
      name: firebase_auth_web
      sha256: "64e067e763c6378b7e774e872f0f59f6812885e43020e25cde08f42e9459837b"
      url: "https://pub.dev"
    source: hosted
    version: "5.12.0"
  firebase_core:
    dependency: "direct main"
    description:
      name: firebase_core
      sha256: "26de145bb9688a90962faec6f838247377b0b0d32cc0abecd9a4e43525fc856c"
      url: "https://pub.dev"
    source: hosted
    version: "2.32.0"
  firebase_core_platform_interface:
    dependency: transitive
    description:
      name: firebase_core_platform_interface
      sha256: e30da58198a6d4b49d5bce4e852f985c32cb10db329ebef9473db2b9f09ce810
      url: "https://pub.dev"
    source: hosted
    version: "5.3.0"
  firebase_core_web:
    dependency: transitive
    description:
      name: firebase_core_web
      sha256: "362e52457ed2b7b180964769c1e04d1e0ea0259fdf7025fdfedd019d4ae2bd88"
      url: "https://pub.dev"
    source: hosted
    version: "2.17.5"
  firebase_crashlytics:
    dependency: transitive
    description:
      name: firebase_crashlytics
      sha256: "9897c01efaa950d2f6da8317d12452749a74dc45f33b46390a14cfe28067f271"
      url: "https://pub.dev"
    source: hosted
    version: "3.5.7"
  firebase_crashlytics_platform_interface:
    dependency: transitive
    description:
      name: firebase_crashlytics_platform_interface
      sha256: "16a71e08fbf6e00382816e1b13397898c29a54fa0ad969c2c2a3b82a704877f0"
      url: "https://pub.dev"
    source: hosted
    version: "3.6.35"
  flutter:
    dependency: "direct main"
    description: flutter
    source: sdk
    version: "0.0.0"
  flutter_markdown:
    dependency: transitive
    description:
      path: "packages/flutter_markdown"
      ref: "2f680bb80119f6fd037a7bda0984bc811b5dccb8"
      resolved-ref: "2f680bb80119f6fd037a7bda0984bc811b5dccb8"
      url: "https://github.com/SharezoneApp/packages"
    source: git
    version: "0.6.17+2"
  flutter_staggered_animations:
    dependency: transitive
    description:
      name: flutter_staggered_animations
      sha256: "81d3c816c9bb0dca9e8a5d5454610e21ffb068aedb2bde49d2f8d04f75538351"
      url: "https://pub.dev"
    source: hosted
    version: "1.1.1"
  flutter_svg:
    dependency: transitive
    description:
      name: flutter_svg
      sha256: "7b4ca6cf3304575fe9c8ec64813c8d02ee41d2afe60bcfe0678bcb5375d596a2"
      url: "https://pub.dev"
    source: hosted
    version: "2.0.10+1"
  flutter_test:
    dependency: "direct dev"
    description: flutter
    source: sdk
    version: "0.0.0"
  flutter_web_plugins:
    dependency: transitive
    description: flutter
    source: sdk
    version: "0.0.0"
  graphs:
    dependency: transitive
    description:
      name: graphs
      sha256: "741bbf84165310a68ff28fe9e727332eef1407342fca52759cb21ad8177bb8d0"
      url: "https://pub.dev"
    source: hosted
    version: "2.3.2"
  helper_functions:
    dependency: transitive
    description:
      path: "../lib/helper_functions"
      relative: true
    source: path
    version: "0.0.1"
  http:
    dependency: transitive
    description:
      name: http
      sha256: b9c29a161230ee03d3ccf545097fccd9b87a5264228c5d348202e0f0c28f9010
      url: "https://pub.dev"
    source: hosted
    version: "1.2.2"
  http_parser:
    dependency: transitive
    description:
      name: http_parser
      sha256: "2aa08ce0341cc9b354a498388e30986515406668dbcc4f7c950c3e715496693b"
      url: "https://pub.dev"
    source: hosted
    version: "4.0.2"
  intl:
    dependency: "direct main"
    description:
      name: intl
      sha256: d6f56758b7d3014a48af9701c085700aac781a92a87a62b1333b46d8879661cf
      url: "https://pub.dev"
    source: hosted
    version: "0.19.0"
  js:
    dependency: transitive
    description:
      name: js
      sha256: c1b2e9b5ea78c45e1a0788d29606ba27dc5f71f019f32ca5140f61ef071838cf
      url: "https://pub.dev"
    source: hosted
    version: "0.7.1"
  key_value_store:
    dependency: transitive
    description:
      path: "../lib/key_value_store"
      relative: true
    source: path
    version: "0.0.1"
  leak_tracker:
    dependency: transitive
    description:
      name: leak_tracker
      sha256: "3f87a60e8c63aecc975dda1ceedbc8f24de75f09e4856ea27daf8958f2f0ce05"
      url: "https://pub.dev"
    source: hosted
    version: "10.0.5"
  leak_tracker_flutter_testing:
    dependency: transitive
    description:
      name: leak_tracker_flutter_testing
      sha256: "932549fb305594d82d7183ecd9fa93463e9914e1b67cacc34bc40906594a1806"
      url: "https://pub.dev"
    source: hosted
    version: "3.0.5"
  leak_tracker_testing:
    dependency: transitive
    description:
      name: leak_tracker_testing
      sha256: "6ba465d5d76e67ddf503e1161d1f4a6bc42306f9d66ca1e8f079a47290fb06d3"
      url: "https://pub.dev"
    source: hosted
    version: "3.0.1"
  logging:
    dependency: transitive
    description:
      name: logging
      sha256: "623a88c9594aa774443aa3eb2d41807a48486b5613e67599fb4c41c0ad47c340"
      url: "https://pub.dev"
    source: hosted
    version: "1.2.0"
  markdown:
    dependency: transitive
    description:
      name: markdown
      sha256: ef2a1298144e3f985cc736b22e0ccdaf188b5b3970648f2d9dc13efd1d9df051
      url: "https://pub.dev"
    source: hosted
    version: "7.2.2"
  matcher:
    dependency: transitive
    description:
      name: matcher
      sha256: d2323aa2060500f906aa31a895b4030b6da3ebdcc5619d14ce1aada65cd161cb
      url: "https://pub.dev"
    source: hosted
    version: "0.12.16+1"
  material_color_utilities:
    dependency: transitive
    description:
      name: material_color_utilities
      sha256: f7142bb1154231d7ea5f96bc7bde4bda2a0945d2806bb11670e30b850d56bdec
      url: "https://pub.dev"
    source: hosted
    version: "0.11.1"
  meta:
    dependency: transitive
    description:
      name: meta
      sha256: bdb68674043280c3428e9ec998512fb681678676b3c54e773629ffe74419f8c7
      url: "https://pub.dev"
    source: hosted
    version: "1.15.0"
  nested:
    dependency: transitive
    description:
      name: nested
      sha256: "03bac4c528c64c95c722ec99280375a6f2fc708eec17c7b3f07253b626cd2a20"
      url: "https://pub.dev"
    source: hosted
    version: "1.0.0"
  path:
    dependency: transitive
    description:
      name: path
      sha256: "087ce49c3f0dc39180befefc60fdb4acd8f8620e5682fe2476afd0b3688bb4af"
      url: "https://pub.dev"
    source: hosted
    version: "1.9.0"
  path_parsing:
    dependency: transitive
    description:
      name: path_parsing
      sha256: e3e67b1629e6f7e8100b367d3db6ba6af4b1f0bb80f64db18ef1fbabd2fa9ccf
      url: "https://pub.dev"
    source: hosted
    version: "1.0.1"
  petitparser:
    dependency: transitive
    description:
      name: petitparser
      sha256: c15605cd28af66339f8eb6fbe0e541bfe2d1b72d5825efc6598f3e0a31b9ad27
      url: "https://pub.dev"
    source: hosted
    version: "6.0.2"
  platform_check:
    dependency: transitive
    description:
      path: "../lib/platform_check"
      relative: true
    source: path
    version: "0.0.1"
  plugin_platform_interface:
    dependency: transitive
    description:
      name: plugin_platform_interface
      sha256: "4820fbfdb9478b1ebae27888254d445073732dae3d6ea81f0b7e06d5dedc3f02"
      url: "https://pub.dev"
    source: hosted
    version: "2.1.8"
  pointycastle:
    dependency: transitive
    description:
      name: pointycastle
      sha256: "4be0097fcf3fd3e8449e53730c631200ebc7b88016acecab2b0da2f0149222fe"
      url: "https://pub.dev"
    source: hosted
    version: "3.9.1"
  provider:
    dependency: "direct main"
    description:
      name: provider
      sha256: c8a055ee5ce3fd98d6fc872478b03823ffdb448699c6ebdbbc71d59b596fd48c
      url: "https://pub.dev"
    source: hosted
    version: "6.1.2"
  rive:
    dependency: transitive
    description:
      name: rive
      sha256: "2551a44fa766a7ed3f52aa2b94feda6d18d00edc25dee5f66e72e9b365bb6d6c"
      url: "https://pub.dev"
    source: hosted
    version: "0.13.20"
  rive_common:
    dependency: transitive
    description:
      name: rive_common
      sha256: "2ba42f80d37a4efd0696fb715787c4785f8a13361e8aea9227c50f1e78cf763a"
      url: "https://pub.dev"
    source: hosted
    version: "0.4.15"
  rsa_pkcs:
    dependency: transitive
    description:
      name: rsa_pkcs
      sha256: "6e1e03563d2cbd9758d8a562f738b759763d464fd65d32da132153230a0c0395"
      url: "https://pub.dev"
    source: hosted
    version: "2.1.0"
  rxdart:
    dependency: "direct main"
    description:
      name: rxdart
      sha256: "0c7c0cedd93788d996e33041ffecda924cc54389199cde4e6a34b440f50044cb"
      url: "https://pub.dev"
    source: hosted
    version: "0.27.7"
  scrollable_positioned_list:
    dependency: transitive
    description:
      name: scrollable_positioned_list
      sha256: "1b54d5f1329a1e263269abc9e2543d90806131aa14fe7c6062a8054d57249287"
      url: "https://pub.dev"
    source: hosted
    version: "0.3.8"
  sharezone_widgets:
    dependency: "direct main"
    description:
      path: "../lib/sharezone_widgets"
      relative: true
    source: path
    version: "0.0.1"
  shimmer:
    dependency: transitive
    description:
      name: shimmer
      sha256: "1f1009b5845a1f88f1c5630212279540486f97409e9fc3f63883e71070d107bf"
      url: "https://pub.dev"
    source: hosted
    version: "2.0.0"
  sky_engine:
    dependency: transitive
    description: flutter
    source: sdk
    version: "0.0.99"
  source_span:
    dependency: transitive
    description:
      name: source_span
      sha256: "53e943d4206a5e30df338fd4c6e7a077e02254531b138a15aec3bd143c1a8b3c"
      url: "https://pub.dev"
    source: hosted
    version: "1.10.0"
  stack_trace:
    dependency: transitive
    description:
      name: stack_trace
      sha256: "73713990125a6d93122541237550ee3352a2d84baad52d375a4cad2eb9b7ce0b"
      url: "https://pub.dev"
    source: hosted
    version: "1.11.1"
  stream_channel:
    dependency: transitive
    description:
      name: stream_channel
      sha256: ba2aa5d8cc609d96bbb2899c28934f9e1af5cddbd60a827822ea467161eb54e7
      url: "https://pub.dev"
    source: hosted
    version: "2.1.2"
  string_scanner:
    dependency: transitive
    description:
      name: string_scanner
      sha256: "556692adab6cfa87322a115640c11f13cb77b3f076ddcc5d6ae3c20242bedcde"
      url: "https://pub.dev"
    source: hosted
    version: "1.2.0"
  term_glyph:
    dependency: transitive
    description:
      name: term_glyph
      sha256: a29248a84fbb7c79282b40b8c72a1209db169a2e0542bce341da992fe1bc7e84
      url: "https://pub.dev"
    source: hosted
    version: "1.2.1"
  test_api:
    dependency: transitive
    description:
      name: test_api
      sha256: "5b8a98dafc4d5c4c9c72d8b31ab2b23fc13422348d2997120294d3bac86b4ddb"
      url: "https://pub.dev"
    source: hosted
    version: "0.7.2"
  typed_data:
    dependency: transitive
    description:
      name: typed_data
      sha256: facc8d6582f16042dd49f2463ff1bd6e2c9ef9f3d5da3d9b087e244a7b564b3c
      url: "https://pub.dev"
    source: hosted
    version: "1.3.2"
  util:
    dependency: transitive
    description:
      path: "../lib/util"
      relative: true
    source: path
    version: "0.0.1"
  vector_graphics:
    dependency: transitive
    description:
      name: vector_graphics
      sha256: "32c3c684e02f9bc0afb0ae0aa653337a2fe022e8ab064bcd7ffda27a74e288e3"
      url: "https://pub.dev"
    source: hosted
    version: "1.1.11+1"
  vector_graphics_codec:
    dependency: transitive
    description:
      name: vector_graphics_codec
      sha256: c86987475f162fadff579e7320c7ddda04cd2fdeffbe1129227a85d9ac9e03da
      url: "https://pub.dev"
    source: hosted
    version: "1.1.11+1"
  vector_graphics_compiler:
    dependency: transitive
    description:
      name: vector_graphics_compiler
      sha256: "12faff3f73b1741a36ca7e31b292ddeb629af819ca9efe9953b70bd63fc8cd81"
      url: "https://pub.dev"
    source: hosted
    version: "1.1.11+1"
  vector_math:
    dependency: transitive
    description:
      name: vector_math
      sha256: "80b3257d1492ce4d091729e3a67a60407d227c27241d6927be0130c98e741803"
      url: "https://pub.dev"
    source: hosted
    version: "2.1.4"
  very_good_infinite_list:
    dependency: "direct main"
    description:
      name: very_good_infinite_list
      sha256: "6f5ad429edbce6084e1c600e56b26b1de8c6b138e8e8fc2de41b686166029aa5"
      url: "https://pub.dev"
    source: hosted
    version: "0.7.1"
  vm_service:
    dependency: transitive
    description:
      name: vm_service
      sha256: "5c5f338a667b4c644744b661f309fb8080bb94b18a7e91ef1dbd343bed00ed6d"
      url: "https://pub.dev"
    source: hosted
    version: "14.2.5"
  web:
    dependency: transitive
    description:
      name: web
      sha256: "97da13628db363c635202ad97068d47c5b8aa555808e7a9411963c533b449b27"
      url: "https://pub.dev"
    source: hosted
    version: "0.5.1"
  xml:
    dependency: transitive
    description:
      name: xml
      sha256: b015a8ad1c488f66851d762d3090a21c600e479dc75e68328c52774040cf9226
      url: "https://pub.dev"
    source: hosted
    version: "6.5.0"
sdks:
  dart: ">=3.4.0 <4.0.0"
  flutter: ">=3.18.0-18.0.pre.54"
