# Generated by pub
# See https://dart.dev/tools/pub/glossary#lockfile
packages:
  meta:
    dependency: "direct main"
    description:
      name: meta
      sha256: f7864e34beedecdb7079e9f31000d01dd09f98f5061de0c692f7e2041771093c
      url: "https://pub.dev"
    source: hosted
    version: "1.1.8"
  mime:
    dependency: "direct main"
    description:
      name: mime
      sha256: a7a98ea7f366e2cc9d2b20873815aebec5e2bc124fe0da9d3f7f59b0625ea180
      url: "https://pub.dev"
    source: hosted
    version: "1.0.0"
  path:
    dependency: "direct main"
    description:
      name: path
      sha256: "77ab9b015de381f5afddaeaae9a88295062e005581544241e5b364b583cb010a"
      url: "https://pub.dev"
    source: hosted
    version: "1.7.0"
sdks:
  dart: ">=2.12.0-0 <3.0.0"
